// !$*UTF8*$!
{
	archiveVersion = 1;
	classes = {
	};
	objectVersion = 55;
	objects = {

/* Begin PBXBuildFile section */
		54D94993E175939CC29ED04E /* Pods_YakiOSpot.framework in Frameworks */ = {isa = PBXBuildFile; fileRef = F907B8BCAFF86EFD71C34F78 /* Pods_YakiOSpot.framework */; };
		862D8433273D2AE60081BA83 /* API.swift in Sources */ = {isa = PBXBuildFile; fileRef = 862D8432273D2AE60081BA83 /* API.swift */; };
		862D8435273D2BC30081BA83 /* GoogleService-Info.plist in Resources */ = {isa = PBXBuildFile; fileRef = 862D8434273D2BC30081BA83 /* GoogleService-Info.plist */; };
		86804670274C227500AAFC83 /* FormTextField.swift in Sources */ = {isa = PBXBuildFile; fileRef = 8680466F274C227500AAFC83 /* FormTextField.swift */; };
		8692FC45274D74C700C8F7CF /* YakiOSpotUnitTests.swift in Sources */ = {isa = PBXBuildFile; fileRef = 8692FC44274D74C700C8F7CF /* YakiOSpotUnitTests.swift */; };
		869E350F274304EB007CF366 /* UserSettings.swift in Sources */ = {isa = PBXBuildFile; fileRef = 869E350E274304EB007CF366 /* UserSettings.swift */; };
		869E351127430602007CF366 /* ProfileView.swift in Sources */ = {isa = PBXBuildFile; fileRef = 869E351027430602007CF366 /* ProfileView.swift */; };
		86BB95C6273EF6190029C39A /* AuthErrors.swift in Sources */ = {isa = PBXBuildFile; fileRef = 86BB95C5273EF6190029C39A /* AuthErrors.swift */; };
		86BB95CA273EF6630029C39A /* Helper.swift in Sources */ = {isa = PBXBuildFile; fileRef = 86BB95C9273EF6630029C39A /* Helper.swift */; };
		86BB95CC273EF8820029C39A /* UsersService.swift in Sources */ = {isa = PBXBuildFile; fileRef = 86BB95CB273EF8820029C39A /* UsersService.swift */; };
		86BB95CE273EF8B90029C39A /* User.swift in Sources */ = {isa = PBXBuildFile; fileRef = 86BB95CD273EF8B90029C39A /* User.swift */; };
		86BB95D0273F043F0029C39A /* UserDefaultsKeys.swift in Sources */ = {isa = PBXBuildFile; fileRef = 86BB95CF273F043F0029C39A /* UserDefaultsKeys.swift */; };
		86D68110273D0B31001E7BE6 /* YakiOSpotApp.swift in Sources */ = {isa = PBXBuildFile; fileRef = 86D6810F273D0B31001E7BE6 /* YakiOSpotApp.swift */; };
		86D68112273D0B31001E7BE6 /* StartingView.swift in Sources */ = {isa = PBXBuildFile; fileRef = 86D68111273D0B31001E7BE6 /* StartingView.swift */; };
		86D68114273D0B32001E7BE6 /* Assets.xcassets in Resources */ = {isa = PBXBuildFile; fileRef = 86D68113273D0B32001E7BE6 /* Assets.xcassets */; };
		86D68117273D0B32001E7BE6 /* Preview Assets.xcassets in Resources */ = {isa = PBXBuildFile; fileRef = 86D68116273D0B32001E7BE6 /* Preview Assets.xcassets */; };
		86D6811E273D0C5A001E7BE6 /* ConnexionView.swift in Sources */ = {isa = PBXBuildFile; fileRef = 86D6811D273D0C5A001E7BE6 /* ConnexionView.swift */; };
		86D68120273D11B5001E7BE6 /* RegistrationView.swift in Sources */ = {isa = PBXBuildFile; fileRef = 86D6811F273D11B5001E7BE6 /* RegistrationView.swift */; };
		86D68122273D2229001E7BE6 /* SpotListView.swift in Sources */ = {isa = PBXBuildFile; fileRef = 86D68121273D2229001E7BE6 /* SpotListView.swift */; };
		86E1F8772742873400C983EC /* SpotListViewViewModel.swift in Sources */ = {isa = PBXBuildFile; fileRef = 86E1F8762742873400C983EC /* SpotListViewViewModel.swift */; };
		86E1F8792742897600C983EC /* SearchView.swift in Sources */ = {isa = PBXBuildFile; fileRef = 86E1F8782742897600C983EC /* SearchView.swift */; };
		86E1F87B27428B4A00C983EC /* SpotService.swift in Sources */ = {isa = PBXBuildFile; fileRef = 86E1F87A27428B4A00C983EC /* SpotService.swift */; };
		86E1F87E2742905500C983EC /* SearchViewModel.swift in Sources */ = {isa = PBXBuildFile; fileRef = 86E1F87D2742905500C983EC /* SearchViewModel.swift */; };
		86E1F8802742914700C983EC /* SpotView.swift in Sources */ = {isa = PBXBuildFile; fileRef = 86E1F87F2742914700C983EC /* SpotView.swift */; };
		86F3667E273D2845009CBDC9 /* AuthService.swift in Sources */ = {isa = PBXBuildFile; fileRef = 86F3667D273D2845009CBDC9 /* AuthService.swift */; };
		86F81D1D2741741100AB69DB /* ConnexionViewViewModel.swift in Sources */ = {isa = PBXBuildFile; fileRef = 86F81D1C2741741100AB69DB /* ConnexionViewViewModel.swift */; };
		86F81D202741772200AB69DB /* RegistrationViewViewModel.swift in Sources */ = {isa = PBXBuildFile; fileRef = 86F81D1F2741772200AB69DB /* RegistrationViewViewModel.swift */; };
		86F81D242741800400AB69DB /* Spot.swift in Sources */ = {isa = PBXBuildFile; fileRef = 86F81D232741800400AB69DB /* Spot.swift */; };
		86F81D26274184CD00AB69DB /* SpotCellView.swift in Sources */ = {isa = PBXBuildFile; fileRef = 86F81D25274184CD00AB69DB /* SpotCellView.swift */; };
/* End PBXBuildFile section */

/* Begin PBXContainerItemProxy section */
		8692FC46274D74C700C8F7CF /* PBXContainerItemProxy */ = {
			isa = PBXContainerItemProxy;
			containerPortal = 86D68104273D0B31001E7BE6 /* Project object */;
			proxyType = 1;
			remoteGlobalIDString = 86D6810B273D0B31001E7BE6;
			remoteInfo = YakiOSpot;
		};
/* End PBXContainerItemProxy section */

/* Begin PBXFileReference section */
		0D56678A2F43227BAD14E92F /* Pods-YakiOSpot.release.xcconfig */ = {isa = PBXFileReference; includeInIndex = 1; lastKnownFileType = text.xcconfig; name = "Pods-YakiOSpot.release.xcconfig"; path = "Target Support Files/Pods-YakiOSpot/Pods-YakiOSpot.release.xcconfig"; sourceTree = "<group>"; };
		862D8432273D2AE60081BA83 /* API.swift */ = {isa = PBXFileReference; lastKnownFileType = sourcecode.swift; path = API.swift; sourceTree = "<group>"; };
		862D8434273D2BC30081BA83 /* GoogleService-Info.plist */ = {isa = PBXFileReference; fileEncoding = 4; lastKnownFileType = text.plist.xml; path = "GoogleService-Info.plist"; sourceTree = "<group>"; };
		8680466F274C227500AAFC83 /* FormTextField.swift */ = {isa = PBXFileReference; lastKnownFileType = sourcecode.swift; path = FormTextField.swift; sourceTree = "<group>"; };
		8692FC42274D74C700C8F7CF /* YakiOSpotUnitTests.xctest */ = {isa = PBXFileReference; explicitFileType = wrapper.cfbundle; includeInIndex = 0; path = YakiOSpotUnitTests.xctest; sourceTree = BUILT_PRODUCTS_DIR; };
		8692FC44274D74C700C8F7CF /* YakiOSpotUnitTests.swift */ = {isa = PBXFileReference; lastKnownFileType = sourcecode.swift; path = YakiOSpotUnitTests.swift; sourceTree = "<group>"; };
		869E350E274304EB007CF366 /* UserSettings.swift */ = {isa = PBXFileReference; lastKnownFileType = sourcecode.swift; path = UserSettings.swift; sourceTree = "<group>"; };
		869E351027430602007CF366 /* ProfileView.swift */ = {isa = PBXFileReference; lastKnownFileType = sourcecode.swift; path = ProfileView.swift; sourceTree = "<group>"; };
		86BB95C5273EF6190029C39A /* AuthErrors.swift */ = {isa = PBXFileReference; lastKnownFileType = sourcecode.swift; path = AuthErrors.swift; sourceTree = "<group>"; };
		86BB95C9273EF6630029C39A /* Helper.swift */ = {isa = PBXFileReference; lastKnownFileType = sourcecode.swift; path = Helper.swift; sourceTree = "<group>"; };
		86BB95CB273EF8820029C39A /* UsersService.swift */ = {isa = PBXFileReference; lastKnownFileType = sourcecode.swift; path = UsersService.swift; sourceTree = "<group>"; };
		86BB95CD273EF8B90029C39A /* User.swift */ = {isa = PBXFileReference; lastKnownFileType = sourcecode.swift; path = User.swift; sourceTree = "<group>"; };
		86BB95CF273F043F0029C39A /* UserDefaultsKeys.swift */ = {isa = PBXFileReference; lastKnownFileType = sourcecode.swift; path = UserDefaultsKeys.swift; sourceTree = "<group>"; };
		86D6810C273D0B31001E7BE6 /* YakiOSpot.app */ = {isa = PBXFileReference; explicitFileType = wrapper.application; includeInIndex = 0; path = YakiOSpot.app; sourceTree = BUILT_PRODUCTS_DIR; };
		86D6810F273D0B31001E7BE6 /* YakiOSpotApp.swift */ = {isa = PBXFileReference; lastKnownFileType = sourcecode.swift; path = YakiOSpotApp.swift; sourceTree = "<group>"; };
		86D68111273D0B31001E7BE6 /* StartingView.swift */ = {isa = PBXFileReference; lastKnownFileType = sourcecode.swift; path = StartingView.swift; sourceTree = "<group>"; };
		86D68113273D0B32001E7BE6 /* Assets.xcassets */ = {isa = PBXFileReference; lastKnownFileType = folder.assetcatalog; path = Assets.xcassets; sourceTree = "<group>"; };
		86D68116273D0B32001E7BE6 /* Preview Assets.xcassets */ = {isa = PBXFileReference; lastKnownFileType = folder.assetcatalog; path = "Preview Assets.xcassets"; sourceTree = "<group>"; };
		86D6811D273D0C5A001E7BE6 /* ConnexionView.swift */ = {isa = PBXFileReference; lastKnownFileType = sourcecode.swift; path = ConnexionView.swift; sourceTree = "<group>"; };
		86D6811F273D11B5001E7BE6 /* RegistrationView.swift */ = {isa = PBXFileReference; lastKnownFileType = sourcecode.swift; path = RegistrationView.swift; sourceTree = "<group>"; };
		86D68121273D2229001E7BE6 /* SpotListView.swift */ = {isa = PBXFileReference; lastKnownFileType = sourcecode.swift; path = SpotListView.swift; sourceTree = "<group>"; };
		86E1F8762742873400C983EC /* SpotListViewViewModel.swift */ = {isa = PBXFileReference; lastKnownFileType = sourcecode.swift; path = SpotListViewViewModel.swift; sourceTree = "<group>"; };
		86E1F8782742897600C983EC /* SearchView.swift */ = {isa = PBXFileReference; lastKnownFileType = sourcecode.swift; path = SearchView.swift; sourceTree = "<group>"; };
		86E1F87A27428B4A00C983EC /* SpotService.swift */ = {isa = PBXFileReference; lastKnownFileType = sourcecode.swift; path = SpotService.swift; sourceTree = "<group>"; };
		86E1F87D2742905500C983EC /* SearchViewModel.swift */ = {isa = PBXFileReference; lastKnownFileType = sourcecode.swift; path = SearchViewModel.swift; sourceTree = "<group>"; };
		86E1F87F2742914700C983EC /* SpotView.swift */ = {isa = PBXFileReference; lastKnownFileType = sourcecode.swift; path = SpotView.swift; sourceTree = "<group>"; };
		86F3667D273D2845009CBDC9 /* AuthService.swift */ = {isa = PBXFileReference; lastKnownFileType = sourcecode.swift; path = AuthService.swift; sourceTree = "<group>"; };
		86F81D1C2741741100AB69DB /* ConnexionViewViewModel.swift */ = {isa = PBXFileReference; lastKnownFileType = sourcecode.swift; path = ConnexionViewViewModel.swift; sourceTree = "<group>"; };
		86F81D1F2741772200AB69DB /* RegistrationViewViewModel.swift */ = {isa = PBXFileReference; lastKnownFileType = sourcecode.swift; path = RegistrationViewViewModel.swift; sourceTree = "<group>"; };
		86F81D232741800400AB69DB /* Spot.swift */ = {isa = PBXFileReference; lastKnownFileType = sourcecode.swift; path = Spot.swift; sourceTree = "<group>"; };
		86F81D25274184CD00AB69DB /* SpotCellView.swift */ = {isa = PBXFileReference; lastKnownFileType = sourcecode.swift; path = SpotCellView.swift; sourceTree = "<group>"; };
		C502FD5B851ACEE90CA8394D /* Pods-YakiOSpot.debug.xcconfig */ = {isa = PBXFileReference; includeInIndex = 1; lastKnownFileType = text.xcconfig; name = "Pods-YakiOSpot.debug.xcconfig"; path = "Target Support Files/Pods-YakiOSpot/Pods-YakiOSpot.debug.xcconfig"; sourceTree = "<group>"; };
		F907B8BCAFF86EFD71C34F78 /* Pods_YakiOSpot.framework */ = {isa = PBXFileReference; explicitFileType = wrapper.framework; includeInIndex = 0; path = Pods_YakiOSpot.framework; sourceTree = BUILT_PRODUCTS_DIR; };
/* End PBXFileReference section */

/* Begin PBXFrameworksBuildPhase section */
		8692FC3F274D74C700C8F7CF /* Frameworks */ = {
			isa = PBXFrameworksBuildPhase;
			buildActionMask = 2147483647;
			files = (
			);
			runOnlyForDeploymentPostprocessing = 0;
		};
		86D68109273D0B31001E7BE6 /* Frameworks */ = {
			isa = PBXFrameworksBuildPhase;
			buildActionMask = 2147483647;
			files = (
				54D94993E175939CC29ED04E /* Pods_YakiOSpot.framework in Frameworks */,
			);
			runOnlyForDeploymentPostprocessing = 0;
		};
/* End PBXFrameworksBuildPhase section */

/* Begin PBXGroup section */
		442FABC32475C2BEB228CD8A /* Pods */ = {
			isa = PBXGroup;
			children = (
				C502FD5B851ACEE90CA8394D /* Pods-YakiOSpot.debug.xcconfig */,
				0D56678A2F43227BAD14E92F /* Pods-YakiOSpot.release.xcconfig */,
			);
			path = Pods;
			sourceTree = "<group>";
		};
		79BFC13CAB8B55F2C5922DD9 /* Frameworks */ = {
			isa = PBXGroup;
			children = (
				F907B8BCAFF86EFD71C34F78 /* Pods_YakiOSpot.framework */,
			);
			name = Frameworks;
			sourceTree = "<group>";
		};
		862D8431273D2ADF0081BA83 /* Model */ = {
			isa = PBXGroup;
			children = (
				862D8432273D2AE60081BA83 /* API.swift */,
				86F3667D273D2845009CBDC9 /* AuthService.swift */,
				86BB95CB273EF8820029C39A /* UsersService.swift */,
				86E1F87A27428B4A00C983EC /* SpotService.swift */,
				86BB95CD273EF8B90029C39A /* User.swift */,
				86F81D232741800400AB69DB /* Spot.swift */,
				869E350E274304EB007CF366 /* UserSettings.swift */,
			);
			path = Model;
			sourceTree = "<group>";
		};
		86804671274C22A000AAFC83 /* Components */ = {
			isa = PBXGroup;
			children = (
				86804672274C22A900AAFC83 /* Atoms */,
			);
			path = Components;
			sourceTree = "<group>";
		};
		86804672274C22A900AAFC83 /* Atoms */ = {
			isa = PBXGroup;
			children = (
				8680466F274C227500AAFC83 /* FormTextField.swift */,
			);
			path = Atoms;
			sourceTree = "<group>";
		};
		86804673274C22B600AAFC83 /* Screens */ = {
			isa = PBXGroup;
			children = (
				86D68123273D23A5001E7BE6 /* StartingViews */,
				86D68124273D23B4001E7BE6 /* HomeViews */,
				86F81D25274184CD00AB69DB /* SpotCellView.swift */,
			);
			path = Screens;
			sourceTree = "<group>";
		};
		8692FC43274D74C700C8F7CF /* YakiOSpotUnitTests */ = {
			isa = PBXGroup;
			children = (
				8692FC44274D74C700C8F7CF /* YakiOSpotUnitTests.swift */,
			);
			path = YakiOSpotUnitTests;
			sourceTree = "<group>";
		};
		86BB95C7273EF6250029C39A /* Utils */ = {
			isa = PBXGroup;
			children = (
				86BB95C8273EF62E0029C39A /* Enums */,
				86BB95C9273EF6630029C39A /* Helper.swift */,
			);
			path = Utils;
			sourceTree = "<group>";
		};
		86BB95C8273EF62E0029C39A /* Enums */ = {
			isa = PBXGroup;
			children = (
				86BB95C5273EF6190029C39A /* AuthErrors.swift */,
				86BB95CF273F043F0029C39A /* UserDefaultsKeys.swift */,
			);
			path = Enums;
			sourceTree = "<group>";
		};
		86D68103273D0B31001E7BE6 = {
			isa = PBXGroup;
			children = (
				86D6810E273D0B31001E7BE6 /* YakiOSpot */,
				8692FC43274D74C700C8F7CF /* YakiOSpotUnitTests */,
				86D6810D273D0B31001E7BE6 /* Products */,
				442FABC32475C2BEB228CD8A /* Pods */,
				79BFC13CAB8B55F2C5922DD9 /* Frameworks */,
			);
			sourceTree = "<group>";
		};
		86D6810D273D0B31001E7BE6 /* Products */ = {
			isa = PBXGroup;
			children = (
				86D6810C273D0B31001E7BE6 /* YakiOSpot.app */,
				8692FC42274D74C700C8F7CF /* YakiOSpotUnitTests.xctest */,
			);
			name = Products;
			sourceTree = "<group>";
		};
		86D6810E273D0B31001E7BE6 /* YakiOSpot */ = {
			isa = PBXGroup;
			children = (
				862D8431273D2ADF0081BA83 /* Model */,
				86D68125273D23C4001E7BE6 /* View */,
				86D68126273D23CC001E7BE6 /* Support */,
				862D8434273D2BC30081BA83 /* GoogleService-Info.plist */,
				86BB95C7273EF6250029C39A /* Utils */,
			);
			path = YakiOSpot;
			sourceTree = "<group>";
		};
		86D68115273D0B32001E7BE6 /* Preview Content */ = {
			isa = PBXGroup;
			children = (
				86D68116273D0B32001E7BE6 /* Preview Assets.xcassets */,
			);
			path = "Preview Content";
			sourceTree = "<group>";
		};
		86D68123273D23A5001E7BE6 /* StartingViews */ = {
			isa = PBXGroup;
			children = (
				86D68111273D0B31001E7BE6 /* StartingView.swift */,
				86F81D1B2741740500AB69DB /* ConnexionView */,
				86F81D1E2741771600AB69DB /* RegistrationView */,
			);
			path = StartingViews;
			sourceTree = "<group>";
		};
		86D68124273D23B4001E7BE6 /* HomeViews */ = {
			isa = PBXGroup;
			children = (
				86E1F8752742872700C983EC /* SpotListView */,
				86E1F87C2742904800C983EC /* SearchView */,
				86E1F87F2742914700C983EC /* SpotView.swift */,
				869E351027430602007CF366 /* ProfileView.swift */,
			);
			path = HomeViews;
			sourceTree = "<group>";
		};
		86D68125273D23C4001E7BE6 /* View */ = {
			isa = PBXGroup;
			children = (
				86804671274C22A000AAFC83 /* Components */,
				86804673274C22B600AAFC83 /* Screens */,
			);
			path = View;
			sourceTree = "<group>";
		};
		86D68126273D23CC001E7BE6 /* Support */ = {
			isa = PBXGroup;
			children = (
				86D6810F273D0B31001E7BE6 /* YakiOSpotApp.swift */,
				86D68113273D0B32001E7BE6 /* Assets.xcassets */,
				86D68115273D0B32001E7BE6 /* Preview Content */,
			);
			path = Support;
			sourceTree = "<group>";
		};
		86E1F8752742872700C983EC /* SpotListView */ = {
			isa = PBXGroup;
			children = (
				86D68121273D2229001E7BE6 /* SpotListView.swift */,
				86E1F8762742873400C983EC /* SpotListViewViewModel.swift */,
			);
			path = SpotListView;
			sourceTree = "<group>";
		};
		86E1F87C2742904800C983EC /* SearchView */ = {
			isa = PBXGroup;
			children = (
				86E1F8782742897600C983EC /* SearchView.swift */,
				86E1F87D2742905500C983EC /* SearchViewModel.swift */,
			);
			path = SearchView;
			sourceTree = "<group>";
		};
		86F81D1B2741740500AB69DB /* ConnexionView */ = {
			isa = PBXGroup;
			children = (
				86D6811D273D0C5A001E7BE6 /* ConnexionView.swift */,
				86F81D1C2741741100AB69DB /* ConnexionViewViewModel.swift */,
			);
			path = ConnexionView;
			sourceTree = "<group>";
		};
		86F81D1E2741771600AB69DB /* RegistrationView */ = {
			isa = PBXGroup;
			children = (
				86D6811F273D11B5001E7BE6 /* RegistrationView.swift */,
				86F81D1F2741772200AB69DB /* RegistrationViewViewModel.swift */,
			);
			path = RegistrationView;
			sourceTree = "<group>";
		};
/* End PBXGroup section */

/* Begin PBXNativeTarget section */
		8692FC41274D74C700C8F7CF /* YakiOSpotUnitTests */ = {
			isa = PBXNativeTarget;
			buildConfigurationList = 8692FC48274D74C700C8F7CF /* Build configuration list for PBXNativeTarget "YakiOSpotUnitTests" */;
			buildPhases = (
				8692FC3E274D74C700C8F7CF /* Sources */,
				8692FC3F274D74C700C8F7CF /* Frameworks */,
				8692FC40274D74C700C8F7CF /* Resources */,
			);
			buildRules = (
			);
			dependencies = (
				8692FC47274D74C700C8F7CF /* PBXTargetDependency */,
			);
			name = YakiOSpotUnitTests;
			productName = YakiOSpotUnitTests;
			productReference = 8692FC42274D74C700C8F7CF /* YakiOSpotUnitTests.xctest */;
			productType = "com.apple.product-type.bundle.unit-test";
		};
		86D6810B273D0B31001E7BE6 /* YakiOSpot */ = {
			isa = PBXNativeTarget;
			buildConfigurationList = 86D6811A273D0B32001E7BE6 /* Build configuration list for PBXNativeTarget "YakiOSpot" */;
			buildPhases = (
				84607AA60D0C5216AC1AE95D /* [CP] Check Pods Manifest.lock */,
				86D68108273D0B31001E7BE6 /* Sources */,
				86D68109273D0B31001E7BE6 /* Frameworks */,
				86D6810A273D0B31001E7BE6 /* Resources */,
				3BF79975F8FB06F2399E38AE /* [CP] Embed Pods Frameworks */,
			);
			buildRules = (
			);
			dependencies = (
			);
			name = YakiOSpot;
			productName = YakiOSpot;
			productReference = 86D6810C273D0B31001E7BE6 /* YakiOSpot.app */;
			productType = "com.apple.product-type.application";
		};
/* End PBXNativeTarget section */

/* Begin PBXProject section */
		86D68104273D0B31001E7BE6 /* Project object */ = {
			isa = PBXProject;
			attributes = {
				BuildIndependentTargetsInParallel = 1;
				LastSwiftUpdateCheck = 1310;
				LastUpgradeCheck = 1310;
				TargetAttributes = {
					8692FC41274D74C700C8F7CF = {
						CreatedOnToolsVersion = 13.1;
						TestTargetID = 86D6810B273D0B31001E7BE6;
					};
					86D6810B273D0B31001E7BE6 = {
						CreatedOnToolsVersion = 13.1;
					};
				};
			};
			buildConfigurationList = 86D68107273D0B31001E7BE6 /* Build configuration list for PBXProject "YakiOSpot" */;
			compatibilityVersion = "Xcode 13.0";
			developmentRegion = en;
			hasScannedForEncodings = 0;
			knownRegions = (
				en,
				Base,
			);
			mainGroup = 86D68103273D0B31001E7BE6;
			productRefGroup = 86D6810D273D0B31001E7BE6 /* Products */;
			projectDirPath = "";
			projectRoot = "";
			targets = (
				86D6810B273D0B31001E7BE6 /* YakiOSpot */,
				8692FC41274D74C700C8F7CF /* YakiOSpotUnitTests */,
			);
		};
/* End PBXProject section */

/* Begin PBXResourcesBuildPhase section */
		8692FC40274D74C700C8F7CF /* Resources */ = {
			isa = PBXResourcesBuildPhase;
			buildActionMask = 2147483647;
			files = (
			);
			runOnlyForDeploymentPostprocessing = 0;
		};
		86D6810A273D0B31001E7BE6 /* Resources */ = {
			isa = PBXResourcesBuildPhase;
			buildActionMask = 2147483647;
			files = (
				86D68117273D0B32001E7BE6 /* Preview Assets.xcassets in Resources */,
				86D68114273D0B32001E7BE6 /* Assets.xcassets in Resources */,
				862D8435273D2BC30081BA83 /* GoogleService-Info.plist in Resources */,
			);
			runOnlyForDeploymentPostprocessing = 0;
		};
/* End PBXResourcesBuildPhase section */

/* Begin PBXShellScriptBuildPhase section */
		3BF79975F8FB06F2399E38AE /* [CP] Embed Pods Frameworks */ = {
			isa = PBXShellScriptBuildPhase;
			buildActionMask = 2147483647;
			files = (
			);
			inputFileListPaths = (
				"${PODS_ROOT}/Target Support Files/Pods-YakiOSpot/Pods-YakiOSpot-frameworks-${CONFIGURATION}-input-files.xcfilelist",
			);
			name = "[CP] Embed Pods Frameworks";
			outputFileListPaths = (
				"${PODS_ROOT}/Target Support Files/Pods-YakiOSpot/Pods-YakiOSpot-frameworks-${CONFIGURATION}-output-files.xcfilelist",
			);
			runOnlyForDeploymentPostprocessing = 0;
			shellPath = /bin/sh;
			shellScript = "\"${PODS_ROOT}/Target Support Files/Pods-YakiOSpot/Pods-YakiOSpot-frameworks.sh\"\n";
			showEnvVarsInLog = 0;
		};
		84607AA60D0C5216AC1AE95D /* [CP] Check Pods Manifest.lock */ = {
			isa = PBXShellScriptBuildPhase;
			buildActionMask = 2147483647;
			files = (
			);
			inputFileListPaths = (
			);
			inputPaths = (
				"${PODS_PODFILE_DIR_PATH}/Podfile.lock",
				"${PODS_ROOT}/Manifest.lock",
			);
			name = "[CP] Check Pods Manifest.lock";
			outputFileListPaths = (
			);
			outputPaths = (
				"$(DERIVED_FILE_DIR)/Pods-YakiOSpot-checkManifestLockResult.txt",
			);
			runOnlyForDeploymentPostprocessing = 0;
			shellPath = /bin/sh;
			shellScript = "diff \"${PODS_PODFILE_DIR_PATH}/Podfile.lock\" \"${PODS_ROOT}/Manifest.lock\" > /dev/null\nif [ $? != 0 ] ; then\n    # print error to STDERR\n    echo \"error: The sandbox is not in sync with the Podfile.lock. Run 'pod install' or update your CocoaPods installation.\" >&2\n    exit 1\nfi\n# This output is used by Xcode 'outputs' to avoid re-running this script phase.\necho \"SUCCESS\" > \"${SCRIPT_OUTPUT_FILE_0}\"\n";
			showEnvVarsInLog = 0;
		};
/* End PBXShellScriptBuildPhase section */

/* Begin PBXSourcesBuildPhase section */
		8692FC3E274D74C700C8F7CF /* Sources */ = {
			isa = PBXSourcesBuildPhase;
			buildActionMask = 2147483647;
			files = (
				8692FC45274D74C700C8F7CF /* YakiOSpotUnitTests.swift in Sources */,
			);
			runOnlyForDeploymentPostprocessing = 0;
		};
		86D68108273D0B31001E7BE6 /* Sources */ = {
			isa = PBXSourcesBuildPhase;
			buildActionMask = 2147483647;
			files = (
				86F81D1D2741741100AB69DB /* ConnexionViewViewModel.swift in Sources */,
				86D68112273D0B31001E7BE6 /* StartingView.swift in Sources */,
				86D68110273D0B31001E7BE6 /* YakiOSpotApp.swift in Sources */,
				86BB95C6273EF6190029C39A /* AuthErrors.swift in Sources */,
				86D68122273D2229001E7BE6 /* SpotListView.swift in Sources */,
				86BB95D0273F043F0029C39A /* UserDefaultsKeys.swift in Sources */,
				86E1F87E2742905500C983EC /* SearchViewModel.swift in Sources */,
				86F81D202741772200AB69DB /* RegistrationViewViewModel.swift in Sources */,
				86F81D242741800400AB69DB /* Spot.swift in Sources */,
				86F3667E273D2845009CBDC9 /* AuthService.swift in Sources */,
				86BB95CA273EF6630029C39A /* Helper.swift in Sources */,
				86E1F8802742914700C983EC /* SpotView.swift in Sources */,
				86E1F8792742897600C983EC /* SearchView.swift in Sources */,
				86F81D26274184CD00AB69DB /* SpotCellView.swift in Sources */,
				86D6811E273D0C5A001E7BE6 /* ConnexionView.swift in Sources */,
				86D68120273D11B5001E7BE6 /* RegistrationView.swift in Sources */,
				86E1F8772742873400C983EC /* SpotListViewViewModel.swift in Sources */,
				869E351127430602007CF366 /* ProfileView.swift in Sources */,
				86BB95CC273EF8820029C39A /* UsersService.swift in Sources */,
				86804670274C227500AAFC83 /* FormTextField.swift in Sources */,
				862D8433273D2AE60081BA83 /* API.swift in Sources */,
				86E1F87B27428B4A00C983EC /* SpotService.swift in Sources */,
				86BB95CE273EF8B90029C39A /* User.swift in Sources */,
				869E350F274304EB007CF366 /* UserSettings.swift in Sources */,
			);
			runOnlyForDeploymentPostprocessing = 0;
		};
/* End PBXSourcesBuildPhase section */

/* Begin PBXTargetDependency section */
		8692FC47274D74C700C8F7CF /* PBXTargetDependency */ = {
			isa = PBXTargetDependency;
			target = 86D6810B273D0B31001E7BE6 /* YakiOSpot */;
			targetProxy = 8692FC46274D74C700C8F7CF /* PBXContainerItemProxy */;
		};
/* End PBXTargetDependency section */

/* Begin XCBuildConfiguration section */
		8692FC49274D74C700C8F7CF /* Debug */ = {
			isa = XCBuildConfiguration;
			buildSettings = {
				BUNDLE_LOADER = "$(TEST_HOST)";
				CODE_SIGN_STYLE = Automatic;
				CURRENT_PROJECT_VERSION = 1;
				DEVELOPMENT_TEAM = N96T5K2D2H;
				GENERATE_INFOPLIST_FILE = YES;
				LD_RUNPATH_SEARCH_PATHS = (
					"$(inherited)",
					"@executable_path/Frameworks",
					"@loader_path/Frameworks",
				);
				MARKETING_VERSION = 1.0;
				PRODUCT_BUNDLE_IDENTIFIER = oriapy.YakiOSpotUnitTests;
				PRODUCT_NAME = "$(TARGET_NAME)";
				SWIFT_EMIT_LOC_STRINGS = NO;
				SWIFT_VERSION = 5.0;
				TARGETED_DEVICE_FAMILY = "1,2";
				TEST_HOST = "$(BUILT_PRODUCTS_DIR)/YakiOSpot.app/YakiOSpot";
			};
			name = Debug;
		};
		8692FC4A274D74C700C8F7CF /* Release */ = {
			isa = XCBuildConfiguration;
			buildSettings = {
				BUNDLE_LOADER = "$(TEST_HOST)";
				CODE_SIGN_STYLE = Automatic;
				CURRENT_PROJECT_VERSION = 1;
				DEVELOPMENT_TEAM = N96T5K2D2H;
				GENERATE_INFOPLIST_FILE = YES;
				LD_RUNPATH_SEARCH_PATHS = (
					"$(inherited)",
					"@executable_path/Frameworks",
					"@loader_path/Frameworks",
				);
				MARKETING_VERSION = 1.0;
				PRODUCT_BUNDLE_IDENTIFIER = oriapy.YakiOSpotUnitTests;
				PRODUCT_NAME = "$(TARGET_NAME)";
				SWIFT_EMIT_LOC_STRINGS = NO;
				SWIFT_VERSION = 5.0;
				TARGETED_DEVICE_FAMILY = "1,2";
				TEST_HOST = "$(BUILT_PRODUCTS_DIR)/YakiOSpot.app/YakiOSpot";
			};
			name = Release;
		};
		86D68118273D0B32001E7BE6 /* Debug */ = {
			isa = XCBuildConfiguration;
			buildSettings = {
				ALWAYS_SEARCH_USER_PATHS = NO;
				CLANG_ANALYZER_NONNULL = YES;
				CLANG_ANALYZER_NUMBER_OBJECT_CONVERSION = YES_AGGRESSIVE;
				CLANG_CXX_LANGUAGE_STANDARD = "gnu++17";
				CLANG_CXX_LIBRARY = "libc++";
				CLANG_ENABLE_MODULES = YES;
				CLANG_ENABLE_OBJC_ARC = YES;
				CLANG_ENABLE_OBJC_WEAK = YES;
				CLANG_WARN_BLOCK_CAPTURE_AUTORELEASING = YES;
				CLANG_WARN_BOOL_CONVERSION = YES;
				CLANG_WARN_COMMA = YES;
				CLANG_WARN_CONSTANT_CONVERSION = YES;
				CLANG_WARN_DEPRECATED_OBJC_IMPLEMENTATIONS = YES;
				CLANG_WARN_DIRECT_OBJC_ISA_USAGE = YES_ERROR;
				CLANG_WARN_DOCUMENTATION_COMMENTS = YES;
				CLANG_WARN_EMPTY_BODY = YES;
				CLANG_WARN_ENUM_CONVERSION = YES;
				CLANG_WARN_INFINITE_RECURSION = YES;
				CLANG_WARN_INT_CONVERSION = YES;
				CLANG_WARN_NON_LITERAL_NULL_CONVERSION = YES;
				CLANG_WARN_OBJC_IMPLICIT_RETAIN_SELF = YES;
				CLANG_WARN_OBJC_LITERAL_CONVERSION = YES;
				CLANG_WARN_OBJC_ROOT_CLASS = YES_ERROR;
				CLANG_WARN_QUOTED_INCLUDE_IN_FRAMEWORK_HEADER = YES;
				CLANG_WARN_RANGE_LOOP_ANALYSIS = YES;
				CLANG_WARN_STRICT_PROTOTYPES = YES;
				CLANG_WARN_SUSPICIOUS_MOVE = YES;
				CLANG_WARN_UNGUARDED_AVAILABILITY = YES_AGGRESSIVE;
				CLANG_WARN_UNREACHABLE_CODE = YES;
				CLANG_WARN__DUPLICATE_METHOD_MATCH = YES;
				COPY_PHASE_STRIP = NO;
				DEBUG_INFORMATION_FORMAT = dwarf;
				ENABLE_STRICT_OBJC_MSGSEND = YES;
				ENABLE_TESTABILITY = YES;
				GCC_C_LANGUAGE_STANDARD = gnu11;
				GCC_DYNAMIC_NO_PIC = NO;
				GCC_NO_COMMON_BLOCKS = YES;
				GCC_OPTIMIZATION_LEVEL = 0;
				GCC_PREPROCESSOR_DEFINITIONS = (
					"DEBUG=1",
					"$(inherited)",
				);
				GCC_WARN_64_TO_32_BIT_CONVERSION = YES;
				GCC_WARN_ABOUT_RETURN_TYPE = YES_ERROR;
				GCC_WARN_UNDECLARED_SELECTOR = YES;
				GCC_WARN_UNINITIALIZED_AUTOS = YES_AGGRESSIVE;
				GCC_WARN_UNUSED_FUNCTION = YES;
				GCC_WARN_UNUSED_VARIABLE = YES;
				IPHONEOS_DEPLOYMENT_TARGET = 15.0;
				MTL_ENABLE_DEBUG_INFO = INCLUDE_SOURCE;
				MTL_FAST_MATH = YES;
				ONLY_ACTIVE_ARCH = YES;
				SDKROOT = iphoneos;
				SWIFT_ACTIVE_COMPILATION_CONDITIONS = DEBUG;
				SWIFT_OPTIMIZATION_LEVEL = "-Onone";
			};
			name = Debug;
		};
		86D68119273D0B32001E7BE6 /* Release */ = {
			isa = XCBuildConfiguration;
			buildSettings = {
				ALWAYS_SEARCH_USER_PATHS = NO;
				CLANG_ANALYZER_NONNULL = YES;
				CLANG_ANALYZER_NUMBER_OBJECT_CONVERSION = YES_AGGRESSIVE;
				CLANG_CXX_LANGUAGE_STANDARD = "gnu++17";
				CLANG_CXX_LIBRARY = "libc++";
				CLANG_ENABLE_MODULES = YES;
				CLANG_ENABLE_OBJC_ARC = YES;
				CLANG_ENABLE_OBJC_WEAK = YES;
				CLANG_WARN_BLOCK_CAPTURE_AUTORELEASING = YES;
				CLANG_WARN_BOOL_CONVERSION = YES;
				CLANG_WARN_COMMA = YES;
				CLANG_WARN_CONSTANT_CONVERSION = YES;
				CLANG_WARN_DEPRECATED_OBJC_IMPLEMENTATIONS = YES;
				CLANG_WARN_DIRECT_OBJC_ISA_USAGE = YES_ERROR;
				CLANG_WARN_DOCUMENTATION_COMMENTS = YES;
				CLANG_WARN_EMPTY_BODY = YES;
				CLANG_WARN_ENUM_CONVERSION = YES;
				CLANG_WARN_INFINITE_RECURSION = YES;
				CLANG_WARN_INT_CONVERSION = YES;
				CLANG_WARN_NON_LITERAL_NULL_CONVERSION = YES;
				CLANG_WARN_OBJC_IMPLICIT_RETAIN_SELF = YES;
				CLANG_WARN_OBJC_LITERAL_CONVERSION = YES;
				CLANG_WARN_OBJC_ROOT_CLASS = YES_ERROR;
				CLANG_WARN_QUOTED_INCLUDE_IN_FRAMEWORK_HEADER = YES;
				CLANG_WARN_RANGE_LOOP_ANALYSIS = YES;
				CLANG_WARN_STRICT_PROTOTYPES = YES;
				CLANG_WARN_SUSPICIOUS_MOVE = YES;
				CLANG_WARN_UNGUARDED_AVAILABILITY = YES_AGGRESSIVE;
				CLANG_WARN_UNREACHABLE_CODE = YES;
				CLANG_WARN__DUPLICATE_METHOD_MATCH = YES;
				COPY_PHASE_STRIP = NO;
				DEBUG_INFORMATION_FORMAT = "dwarf-with-dsym";
				ENABLE_NS_ASSERTIONS = NO;
				ENABLE_STRICT_OBJC_MSGSEND = YES;
				GCC_C_LANGUAGE_STANDARD = gnu11;
				GCC_NO_COMMON_BLOCKS = YES;
				GCC_WARN_64_TO_32_BIT_CONVERSION = YES;
				GCC_WARN_ABOUT_RETURN_TYPE = YES_ERROR;
				GCC_WARN_UNDECLARED_SELECTOR = YES;
				GCC_WARN_UNINITIALIZED_AUTOS = YES_AGGRESSIVE;
				GCC_WARN_UNUSED_FUNCTION = YES;
				GCC_WARN_UNUSED_VARIABLE = YES;
				IPHONEOS_DEPLOYMENT_TARGET = 15.0;
				MTL_ENABLE_DEBUG_INFO = NO;
				MTL_FAST_MATH = YES;
				SDKROOT = iphoneos;
				SWIFT_COMPILATION_MODE = wholemodule;
				SWIFT_OPTIMIZATION_LEVEL = "-O";
				VALIDATE_PRODUCT = YES;
			};
			name = Release;
		};
		86D6811B273D0B32001E7BE6 /* Debug */ = {
			isa = XCBuildConfiguration;
			baseConfigurationReference = C502FD5B851ACEE90CA8394D /* Pods-YakiOSpot.debug.xcconfig */;
			buildSettings = {
				ASSETCATALOG_COMPILER_APPICON_NAME = AppIcon;
				ASSETCATALOG_COMPILER_GLOBAL_ACCENT_COLOR_NAME = AccentColor;
				CODE_SIGN_STYLE = Automatic;
				CURRENT_PROJECT_VERSION = 1;
				DEVELOPMENT_TEAM = N96T5K2D2H;
				ENABLE_PREVIEWS = YES;
				GENERATE_INFOPLIST_FILE = YES;
				INFOPLIST_KEY_UIApplicationSceneManifest_Generation = YES;
				INFOPLIST_KEY_UIApplicationSupportsIndirectInputEvents = YES;
				INFOPLIST_KEY_UILaunchScreen_Generation = YES;
				INFOPLIST_KEY_UISupportedInterfaceOrientations_iPad = "UIInterfaceOrientationPortrait UIInterfaceOrientationPortraitUpsideDown UIInterfaceOrientationLandscapeLeft UIInterfaceOrientationLandscapeRight";
				INFOPLIST_KEY_UISupportedInterfaceOrientations_iPhone = "UIInterfaceOrientationPortrait UIInterfaceOrientationLandscapeLeft UIInterfaceOrientationLandscapeRight";
				LD_RUNPATH_SEARCH_PATHS = (
					"$(inherited)",
					"@executable_path/Frameworks",
				);
				MARKETING_VERSION = 1.0;
				PRODUCT_BUNDLE_IDENTIFIER = oriapy.YakiOSpot;
				PRODUCT_NAME = "$(TARGET_NAME)";
				SWIFT_EMIT_LOC_STRINGS = YES;
				SWIFT_VERSION = 5.0;
				TARGETED_DEVICE_FAMILY = "1,2";
			};
			name = Debug;
		};
		86D6811C273D0B32001E7BE6 /* Release */ = {
			isa = XCBuildConfiguration;
			baseConfigurationReference = 0D56678A2F43227BAD14E92F /* Pods-YakiOSpot.release.xcconfig */;
			buildSettings = {
				ASSETCATALOG_COMPILER_APPICON_NAME = AppIcon;
				ASSETCATALOG_COMPILER_GLOBAL_ACCENT_COLOR_NAME = AccentColor;
				CODE_SIGN_STYLE = Automatic;
				CURRENT_PROJECT_VERSION = 1;
				DEVELOPMENT_TEAM = N96T5K2D2H;
				ENABLE_PREVIEWS = YES;
				GENERATE_INFOPLIST_FILE = YES;
				INFOPLIST_KEY_UIApplicationSceneManifest_Generation = YES;
				INFOPLIST_KEY_UIApplicationSupportsIndirectInputEvents = YES;
				INFOPLIST_KEY_UILaunchScreen_Generation = YES;
				INFOPLIST_KEY_UISupportedInterfaceOrientations_iPad = "UIInterfaceOrientationPortrait UIInterfaceOrientationPortraitUpsideDown UIInterfaceOrientationLandscapeLeft UIInterfaceOrientationLandscapeRight";
				INFOPLIST_KEY_UISupportedInterfaceOrientations_iPhone = "UIInterfaceOrientationPortrait UIInterfaceOrientationLandscapeLeft UIInterfaceOrientationLandscapeRight";
				LD_RUNPATH_SEARCH_PATHS = (
					"$(inherited)",
					"@executable_path/Frameworks",
				);
				MARKETING_VERSION = 1.0;
				PRODUCT_BUNDLE_IDENTIFIER = oriapy.YakiOSpot;
				PRODUCT_NAME = "$(TARGET_NAME)";
				SWIFT_EMIT_LOC_STRINGS = YES;
				SWIFT_VERSION = 5.0;
				TARGETED_DEVICE_FAMILY = "1,2";
			};
			name = Release;
		};
/* End XCBuildConfiguration section */

/* Begin XCConfigurationList section */
		8692FC48274D74C700C8F7CF /* Build configuration list for PBXNativeTarget "YakiOSpotUnitTests" */ = {
			isa = XCConfigurationList;
			buildConfigurations = (
				8692FC49274D74C700C8F7CF /* Debug */,
				8692FC4A274D74C700C8F7CF /* Release */,
			);
			defaultConfigurationIsVisible = 0;
			defaultConfigurationName = Release;
		};
		86D68107273D0B31001E7BE6 /* Build configuration list for PBXProject "YakiOSpot" */ = {
			isa = XCConfigurationList;
			buildConfigurations = (
				86D68118273D0B32001E7BE6 /* Debug */,
				86D68119273D0B32001E7BE6 /* Release */,
			);
			defaultConfigurationIsVisible = 0;
			defaultConfigurationName = Release;
		};
		86D6811A273D0B32001E7BE6 /* Build configuration list for PBXNativeTarget "YakiOSpot" */ = {
			isa = XCConfigurationList;
			buildConfigurations = (
				86D6811B273D0B32001E7BE6 /* Debug */,
				86D6811C273D0B32001E7BE6 /* Release */,
			);
			defaultConfigurationIsVisible = 0;
			defaultConfigurationName = Release;
		};
/* End XCConfigurationList section */
	};
	rootObject = 86D68104273D0B31001E7BE6 /* Project object */;
}
