// !$*UTF8*$!
{
	archiveVersion = 1;
	classes = {
	};
	objectVersion = 55;
	objects = {

/* Begin PBXBuildFile section */
		2772EEC67204D9EBFB56E339 /* Pods_YakiOSpotUnitTests.framework in Frameworks */ = {isa = PBXBuildFile; fileRef = 99892E6DAB45A7B613EC893C /* Pods_YakiOSpotUnitTests.framework */; };
		614835F073F3162A3FE83EBB /* Pods_YakiOSpot.framework in Frameworks */ = {isa = PBXBuildFile; fileRef = 6B444877AA95C6A72C1441CF /* Pods_YakiOSpot.framework */; };
		860598CC2763AEC7000ACB3B /* HomeTabView.swift in Sources */ = {isa = PBXBuildFile; fileRef = 860598CB2763AEC7000ACB3B /* HomeTabView.swift */; };
		8622BAFF277F0D4D0046680F /* TrackViewViewModel.swift in Sources */ = {isa = PBXBuildFile; fileRef = 8622BAFE277F0D4D0046680F /* TrackViewViewModel.swift */; };
		862D8433273D2AE60081BA83 /* API.swift in Sources */ = {isa = PBXBuildFile; fileRef = 862D8432273D2AE60081BA83 /* API.swift */; };
		862D8435273D2BC30081BA83 /* GoogleService-Info.plist in Resources */ = {isa = PBXBuildFile; fileRef = 862D8434273D2BC30081BA83 /* GoogleService-Info.plist */; };
		863507E92763C14F00145505 /* InfoView.swift in Sources */ = {isa = PBXBuildFile; fileRef = 863507E82763C14F00145505 /* InfoView.swift */; };
		863507EB2763C17F00145505 /* FeedView.swift in Sources */ = {isa = PBXBuildFile; fileRef = 863507EA2763C17F00145505 /* FeedView.swift */; };
		86529B5127636C8E00BD44B6 /* FakeUserData.swift in Sources */ = {isa = PBXBuildFile; fileRef = 86529B5027636C8E00BD44B6 /* FakeUserData.swift */; };
		86529B5327636E6C00BD44B6 /* UserServiceTestsCase.swift in Sources */ = {isa = PBXBuildFile; fileRef = 86529B5227636E6C00BD44B6 /* UserServiceTestsCase.swift */; };
		8674BE3C27822A8800FD31D7 /* StorageService.swift in Sources */ = {isa = PBXBuildFile; fileRef = 8674BE3B27822A8800FD31D7 /* StorageService.swift */; };
		86804670274C227500AAFC83 /* FormTextField.swift in Sources */ = {isa = PBXBuildFile; fileRef = 8680466F274C227500AAFC83 /* FormTextField.swift */; };
		8682613F27627CB100C3018E /* FakeUserService.swift in Sources */ = {isa = PBXBuildFile; fileRef = 8682613E27627CB100C3018E /* FakeUserService.swift */; };
		8692FC4C274D757E00C8F7CF /* FakeAuthService.swift in Sources */ = {isa = PBXBuildFile; fileRef = 8692FC4B274D757E00C8F7CF /* FakeAuthService.swift */; };
		8692FC4F274D759000C8F7CF /* FakeAuthData.swift in Sources */ = {isa = PBXBuildFile; fileRef = 8692FC4E274D759000C8F7CF /* FakeAuthData.swift */; };
		8692FC51274D759D00C8F7CF /* AuthServiceTestCase.swift in Sources */ = {isa = PBXBuildFile; fileRef = 8692FC50274D759D00C8F7CF /* AuthServiceTestCase.swift */; };
		8692FC53274D7ADE00C8F7CF /* String+Ext.swift in Sources */ = {isa = PBXBuildFile; fileRef = 8692FC52274D7ADE00C8F7CF /* String+Ext.swift */; };
		869E351127430602007CF366 /* ProfileView.swift in Sources */ = {isa = PBXBuildFile; fileRef = 869E351027430602007CF366 /* ProfileView.swift */; };
		86ADDDE9276E66A60063BE29 /* VideoPlayer.swift in Sources */ = {isa = PBXBuildFile; fileRef = 86ADDDE8276E66A60063BE29 /* VideoPlayer.swift */; };
		86ADDE0B2770EFAB0063BE29 /* HomeTabViewViewModel.swift in Sources */ = {isa = PBXBuildFile; fileRef = 86ADDE0A2770EFAB0063BE29 /* HomeTabViewViewModel.swift */; };
		86ADDE0E2771008F0063BE29 /* AppState.swift in Sources */ = {isa = PBXBuildFile; fileRef = 86ADDE0D2771008F0063BE29 /* AppState.swift */; };
		86BB95C6273EF6190029C39A /* AuthErrors.swift in Sources */ = {isa = PBXBuildFile; fileRef = 86BB95C5273EF6190029C39A /* AuthErrors.swift */; };
		86BB95CA273EF6630029C39A /* Helper.swift in Sources */ = {isa = PBXBuildFile; fileRef = 86BB95C9273EF6630029C39A /* Helper.swift */; };
		86BB95CC273EF8820029C39A /* UserService.swift in Sources */ = {isa = PBXBuildFile; fileRef = 86BB95CB273EF8820029C39A /* UserService.swift */; };
		86BB95CE273EF8B90029C39A /* User.swift in Sources */ = {isa = PBXBuildFile; fileRef = 86BB95CD273EF8B90029C39A /* User.swift */; };
		86BB95D0273F043F0029C39A /* UserDefaultsKeys.swift in Sources */ = {isa = PBXBuildFile; fileRef = 86BB95CF273F043F0029C39A /* UserDefaultsKeys.swift */; };
		86C040C72775E1DD00955CB4 /* PushNotificationSender.swift in Sources */ = {isa = PBXBuildFile; fileRef = 86C040C62775E1DD00955CB4 /* PushNotificationSender.swift */; };
		86C040C92775E3A500955CB4 /* FCMTokenService.swift in Sources */ = {isa = PBXBuildFile; fileRef = 86C040C82775E3A500955CB4 /* FCMTokenService.swift */; };
		86C4FFA9276E41CE00E04B36 /* AppDelegate.swift in Sources */ = {isa = PBXBuildFile; fileRef = 86C4FFA8276E41CE00E04B36 /* AppDelegate.swift */; };
		86C4FFAD276E462900E04B36 /* TrackView.swift in Sources */ = {isa = PBXBuildFile; fileRef = 86C4FFAC276E462900E04B36 /* TrackView.swift */; };
		86C4FFAF276E472000E04B36 /* Assets.swift in Sources */ = {isa = PBXBuildFile; fileRef = 86C4FFAE276E472000E04B36 /* Assets.swift */; };
		86D68110273D0B31001E7BE6 /* YakiOSpotApp.swift in Sources */ = {isa = PBXBuildFile; fileRef = 86D6810F273D0B31001E7BE6 /* YakiOSpotApp.swift */; };
		86D68112273D0B31001E7BE6 /* StartingView.swift in Sources */ = {isa = PBXBuildFile; fileRef = 86D68111273D0B31001E7BE6 /* StartingView.swift */; };
		86D68114273D0B32001E7BE6 /* Assets.xcassets in Resources */ = {isa = PBXBuildFile; fileRef = 86D68113273D0B32001E7BE6 /* Assets.xcassets */; };
		86D68117273D0B32001E7BE6 /* Preview Assets.xcassets in Resources */ = {isa = PBXBuildFile; fileRef = 86D68116273D0B32001E7BE6 /* Preview Assets.xcassets */; };
		86D6811E273D0C5A001E7BE6 /* ConnexionView.swift in Sources */ = {isa = PBXBuildFile; fileRef = 86D6811D273D0C5A001E7BE6 /* ConnexionView.swift */; };
		86D68120273D11B5001E7BE6 /* RegistrationView.swift in Sources */ = {isa = PBXBuildFile; fileRef = 86D6811F273D11B5001E7BE6 /* RegistrationView.swift */; };
		86D68122273D2229001E7BE6 /* SpotListView.swift in Sources */ = {isa = PBXBuildFile; fileRef = 86D68121273D2229001E7BE6 /* SpotListView.swift */; };
		86D989492763C60F009908D8 /* SampleText.swift in Sources */ = {isa = PBXBuildFile; fileRef = 86D989482763C60F009908D8 /* SampleText.swift */; };
		86D9894B2763C78B009908D8 /* Track.swift in Sources */ = {isa = PBXBuildFile; fileRef = 86D9894A2763C78B009908D8 /* Track.swift */; };
		86E1F8772742873400C983EC /* SpotListViewViewModel.swift in Sources */ = {isa = PBXBuildFile; fileRef = 86E1F8762742873400C983EC /* SpotListViewViewModel.swift */; };
		86E1F8792742897600C983EC /* SearchView.swift in Sources */ = {isa = PBXBuildFile; fileRef = 86E1F8782742897600C983EC /* SearchView.swift */; };
		86E1F87B27428B4A00C983EC /* SpotService.swift in Sources */ = {isa = PBXBuildFile; fileRef = 86E1F87A27428B4A00C983EC /* SpotService.swift */; };
		86E1F87E2742905500C983EC /* SearchViewModel.swift in Sources */ = {isa = PBXBuildFile; fileRef = 86E1F87D2742905500C983EC /* SearchViewModel.swift */; };
		86E1F8802742914700C983EC /* SpotView.swift in Sources */ = {isa = PBXBuildFile; fileRef = 86E1F87F2742914700C983EC /* SpotView.swift */; };
		86F3667E273D2845009CBDC9 /* AuthService.swift in Sources */ = {isa = PBXBuildFile; fileRef = 86F3667D273D2845009CBDC9 /* AuthService.swift */; };
		86F528ED2775067600CDAA8C /* PersonListView.swift in Sources */ = {isa = PBXBuildFile; fileRef = 86F528EC2775067500CDAA8C /* PersonListView.swift */; };
		86F81D1D2741741100AB69DB /* ConnexionViewViewModel.swift in Sources */ = {isa = PBXBuildFile; fileRef = 86F81D1C2741741100AB69DB /* ConnexionViewViewModel.swift */; };
		86F81D202741772200AB69DB /* RegistrationViewViewModel.swift in Sources */ = {isa = PBXBuildFile; fileRef = 86F81D1F2741772200AB69DB /* RegistrationViewViewModel.swift */; };
		86F81D242741800400AB69DB /* Spot.swift in Sources */ = {isa = PBXBuildFile; fileRef = 86F81D232741800400AB69DB /* Spot.swift */; };
		86F81D26274184CD00AB69DB /* SpotCellView.swift in Sources */ = {isa = PBXBuildFile; fileRef = 86F81D25274184CD00AB69DB /* SpotCellView.swift */; };
		86FBD17327833B6A00C24C96 /* YakiView.swift in Sources */ = {isa = PBXBuildFile; fileRef = 86FBD17227833B6A00C24C96 /* YakiView.swift */; };
		86FBD17527834B1300C24C96 /* YakiViewViewModel.swift in Sources */ = {isa = PBXBuildFile; fileRef = 86FBD17427834B1300C24C96 /* YakiViewViewModel.swift */; };
/* End PBXBuildFile section */

/* Begin PBXContainerItemProxy section */
		8692FC46274D74C700C8F7CF /* PBXContainerItemProxy */ = {
			isa = PBXContainerItemProxy;
			containerPortal = 86D68104273D0B31001E7BE6 /* Project object */;
			proxyType = 1;
			remoteGlobalIDString = 86D6810B273D0B31001E7BE6;
			remoteInfo = YakiOSpot;
		};
/* End PBXContainerItemProxy section */

/* Begin PBXFileReference section */
		52ABF5C600F58F0B20973C6C /* Pods-YakiOSpotUnitTests.debug.xcconfig */ = {isa = PBXFileReference; includeInIndex = 1; lastKnownFileType = text.xcconfig; name = "Pods-YakiOSpotUnitTests.debug.xcconfig"; path = "Target Support Files/Pods-YakiOSpotUnitTests/Pods-YakiOSpotUnitTests.debug.xcconfig"; sourceTree = "<group>"; };
		6B444877AA95C6A72C1441CF /* Pods_YakiOSpot.framework */ = {isa = PBXFileReference; explicitFileType = wrapper.framework; includeInIndex = 0; path = Pods_YakiOSpot.framework; sourceTree = BUILT_PRODUCTS_DIR; };
		6F8464A06CF1375F7807B7AD /* Pods-YakiOSpot.release.xcconfig */ = {isa = PBXFileReference; includeInIndex = 1; lastKnownFileType = text.xcconfig; name = "Pods-YakiOSpot.release.xcconfig"; path = "Target Support Files/Pods-YakiOSpot/Pods-YakiOSpot.release.xcconfig"; sourceTree = "<group>"; };
		860598CB2763AEC7000ACB3B /* HomeTabView.swift */ = {isa = PBXFileReference; lastKnownFileType = sourcecode.swift; path = HomeTabView.swift; sourceTree = "<group>"; };
		8622BAFE277F0D4D0046680F /* TrackViewViewModel.swift */ = {isa = PBXFileReference; lastKnownFileType = sourcecode.swift; path = TrackViewViewModel.swift; sourceTree = "<group>"; };
		86266F3E2775DA3D002900EF /* YakiOSpot.entitlements */ = {isa = PBXFileReference; lastKnownFileType = text.plist.entitlements; path = YakiOSpot.entitlements; sourceTree = "<group>"; };
		862D8432273D2AE60081BA83 /* API.swift */ = {isa = PBXFileReference; lastKnownFileType = sourcecode.swift; path = API.swift; sourceTree = "<group>"; };
		862D8434273D2BC30081BA83 /* GoogleService-Info.plist */ = {isa = PBXFileReference; fileEncoding = 4; lastKnownFileType = text.plist.xml; path = "GoogleService-Info.plist"; sourceTree = "<group>"; };
		863507E82763C14F00145505 /* InfoView.swift */ = {isa = PBXFileReference; lastKnownFileType = sourcecode.swift; path = InfoView.swift; sourceTree = "<group>"; };
		863507EA2763C17F00145505 /* FeedView.swift */ = {isa = PBXFileReference; lastKnownFileType = sourcecode.swift; path = FeedView.swift; sourceTree = "<group>"; };
		86529B5027636C8E00BD44B6 /* FakeUserData.swift */ = {isa = PBXFileReference; lastKnownFileType = sourcecode.swift; path = FakeUserData.swift; sourceTree = "<group>"; };
		86529B5227636E6C00BD44B6 /* UserServiceTestsCase.swift */ = {isa = PBXFileReference; lastKnownFileType = sourcecode.swift; path = UserServiceTestsCase.swift; sourceTree = "<group>"; };
		8674BE3B27822A8800FD31D7 /* StorageService.swift */ = {isa = PBXFileReference; lastKnownFileType = sourcecode.swift; path = StorageService.swift; sourceTree = "<group>"; };
		8680466F274C227500AAFC83 /* FormTextField.swift */ = {isa = PBXFileReference; lastKnownFileType = sourcecode.swift; path = FormTextField.swift; sourceTree = "<group>"; };
		8682613E27627CB100C3018E /* FakeUserService.swift */ = {isa = PBXFileReference; lastKnownFileType = sourcecode.swift; path = FakeUserService.swift; sourceTree = "<group>"; };
		8692FC42274D74C700C8F7CF /* YakiOSpotUnitTests.xctest */ = {isa = PBXFileReference; explicitFileType = wrapper.cfbundle; includeInIndex = 0; path = YakiOSpotUnitTests.xctest; sourceTree = BUILT_PRODUCTS_DIR; };
		8692FC4B274D757E00C8F7CF /* FakeAuthService.swift */ = {isa = PBXFileReference; lastKnownFileType = sourcecode.swift; path = FakeAuthService.swift; sourceTree = "<group>"; };
		8692FC4E274D759000C8F7CF /* FakeAuthData.swift */ = {isa = PBXFileReference; lastKnownFileType = sourcecode.swift; path = FakeAuthData.swift; sourceTree = "<group>"; };
		8692FC50274D759D00C8F7CF /* AuthServiceTestCase.swift */ = {isa = PBXFileReference; lastKnownFileType = sourcecode.swift; path = AuthServiceTestCase.swift; sourceTree = "<group>"; };
		8692FC52274D7ADE00C8F7CF /* String+Ext.swift */ = {isa = PBXFileReference; lastKnownFileType = sourcecode.swift; path = "String+Ext.swift"; sourceTree = "<group>"; };
		869E351027430602007CF366 /* ProfileView.swift */ = {isa = PBXFileReference; lastKnownFileType = sourcecode.swift; path = ProfileView.swift; sourceTree = "<group>"; };
		86ADDDE8276E66A60063BE29 /* VideoPlayer.swift */ = {isa = PBXFileReference; fileEncoding = 4; lastKnownFileType = sourcecode.swift; path = VideoPlayer.swift; sourceTree = "<group>"; };
		86ADDE0A2770EFAB0063BE29 /* HomeTabViewViewModel.swift */ = {isa = PBXFileReference; lastKnownFileType = sourcecode.swift; path = HomeTabViewViewModel.swift; sourceTree = "<group>"; };
		86ADDE0D2771008F0063BE29 /* AppState.swift */ = {isa = PBXFileReference; lastKnownFileType = sourcecode.swift; path = AppState.swift; sourceTree = "<group>"; };
		86BB95C5273EF6190029C39A /* AuthErrors.swift */ = {isa = PBXFileReference; lastKnownFileType = sourcecode.swift; path = AuthErrors.swift; sourceTree = "<group>"; };
		86BB95C9273EF6630029C39A /* Helper.swift */ = {isa = PBXFileReference; lastKnownFileType = sourcecode.swift; path = Helper.swift; sourceTree = "<group>"; };
		86BB95CB273EF8820029C39A /* UserService.swift */ = {isa = PBXFileReference; lastKnownFileType = sourcecode.swift; path = UserService.swift; sourceTree = "<group>"; };
		86BB95CD273EF8B90029C39A /* User.swift */ = {isa = PBXFileReference; lastKnownFileType = sourcecode.swift; path = User.swift; sourceTree = "<group>"; };
		86BB95CF273F043F0029C39A /* UserDefaultsKeys.swift */ = {isa = PBXFileReference; lastKnownFileType = sourcecode.swift; path = UserDefaultsKeys.swift; sourceTree = "<group>"; };
		86C040C62775E1DD00955CB4 /* PushNotificationSender.swift */ = {isa = PBXFileReference; lastKnownFileType = sourcecode.swift; path = PushNotificationSender.swift; sourceTree = "<group>"; };
		86C040C82775E3A500955CB4 /* FCMTokenService.swift */ = {isa = PBXFileReference; lastKnownFileType = sourcecode.swift; path = FCMTokenService.swift; sourceTree = "<group>"; };
		86C4FFA8276E41CE00E04B36 /* AppDelegate.swift */ = {isa = PBXFileReference; lastKnownFileType = sourcecode.swift; path = AppDelegate.swift; sourceTree = "<group>"; };
		86C4FFAC276E462900E04B36 /* TrackView.swift */ = {isa = PBXFileReference; lastKnownFileType = sourcecode.swift; path = TrackView.swift; sourceTree = "<group>"; };
		86C4FFAE276E472000E04B36 /* Assets.swift */ = {isa = PBXFileReference; lastKnownFileType = sourcecode.swift; path = Assets.swift; sourceTree = "<group>"; };
		86D6810C273D0B31001E7BE6 /* YakiOSpot.app */ = {isa = PBXFileReference; explicitFileType = wrapper.application; includeInIndex = 0; path = YakiOSpot.app; sourceTree = BUILT_PRODUCTS_DIR; };
		86D6810F273D0B31001E7BE6 /* YakiOSpotApp.swift */ = {isa = PBXFileReference; lastKnownFileType = sourcecode.swift; path = YakiOSpotApp.swift; sourceTree = "<group>"; };
		86D68111273D0B31001E7BE6 /* StartingView.swift */ = {isa = PBXFileReference; lastKnownFileType = sourcecode.swift; path = StartingView.swift; sourceTree = "<group>"; };
		86D68113273D0B32001E7BE6 /* Assets.xcassets */ = {isa = PBXFileReference; lastKnownFileType = folder.assetcatalog; path = Assets.xcassets; sourceTree = "<group>"; };
		86D68116273D0B32001E7BE6 /* Preview Assets.xcassets */ = {isa = PBXFileReference; lastKnownFileType = folder.assetcatalog; path = "Preview Assets.xcassets"; sourceTree = "<group>"; };
		86D6811D273D0C5A001E7BE6 /* ConnexionView.swift */ = {isa = PBXFileReference; lastKnownFileType = sourcecode.swift; path = ConnexionView.swift; sourceTree = "<group>"; };
		86D6811F273D11B5001E7BE6 /* RegistrationView.swift */ = {isa = PBXFileReference; lastKnownFileType = sourcecode.swift; path = RegistrationView.swift; sourceTree = "<group>"; };
		86D68121273D2229001E7BE6 /* SpotListView.swift */ = {isa = PBXFileReference; lastKnownFileType = sourcecode.swift; path = SpotListView.swift; sourceTree = "<group>"; };
		86D989482763C60F009908D8 /* SampleText.swift */ = {isa = PBXFileReference; lastKnownFileType = sourcecode.swift; path = SampleText.swift; sourceTree = "<group>"; };
		86D9894A2763C78B009908D8 /* Track.swift */ = {isa = PBXFileReference; lastKnownFileType = sourcecode.swift; path = Track.swift; sourceTree = "<group>"; };
		86D9894C2763D7B8009908D8 /* Info.plist */ = {isa = PBXFileReference; lastKnownFileType = text.plist.xml; path = Info.plist; sourceTree = "<group>"; };
		86E1F8762742873400C983EC /* SpotListViewViewModel.swift */ = {isa = PBXFileReference; lastKnownFileType = sourcecode.swift; path = SpotListViewViewModel.swift; sourceTree = "<group>"; };
		86E1F8782742897600C983EC /* SearchView.swift */ = {isa = PBXFileReference; lastKnownFileType = sourcecode.swift; path = SearchView.swift; sourceTree = "<group>"; };
		86E1F87A27428B4A00C983EC /* SpotService.swift */ = {isa = PBXFileReference; lastKnownFileType = sourcecode.swift; path = SpotService.swift; sourceTree = "<group>"; };
		86E1F87D2742905500C983EC /* SearchViewModel.swift */ = {isa = PBXFileReference; lastKnownFileType = sourcecode.swift; path = SearchViewModel.swift; sourceTree = "<group>"; };
		86E1F87F2742914700C983EC /* SpotView.swift */ = {isa = PBXFileReference; lastKnownFileType = sourcecode.swift; path = SpotView.swift; sourceTree = "<group>"; };
		86F3667D273D2845009CBDC9 /* AuthService.swift */ = {isa = PBXFileReference; lastKnownFileType = sourcecode.swift; path = AuthService.swift; sourceTree = "<group>"; };
		86F528EC2775067500CDAA8C /* PersonListView.swift */ = {isa = PBXFileReference; lastKnownFileType = sourcecode.swift; path = PersonListView.swift; sourceTree = "<group>"; };
		86F81D1C2741741100AB69DB /* ConnexionViewViewModel.swift */ = {isa = PBXFileReference; lastKnownFileType = sourcecode.swift; path = ConnexionViewViewModel.swift; sourceTree = "<group>"; };
		86F81D1F2741772200AB69DB /* RegistrationViewViewModel.swift */ = {isa = PBXFileReference; lastKnownFileType = sourcecode.swift; path = RegistrationViewViewModel.swift; sourceTree = "<group>"; };
		86F81D232741800400AB69DB /* Spot.swift */ = {isa = PBXFileReference; lastKnownFileType = sourcecode.swift; path = Spot.swift; sourceTree = "<group>"; };
		86F81D25274184CD00AB69DB /* SpotCellView.swift */ = {isa = PBXFileReference; lastKnownFileType = sourcecode.swift; path = SpotCellView.swift; sourceTree = "<group>"; };
		86FBD17227833B6A00C24C96 /* YakiView.swift */ = {isa = PBXFileReference; lastKnownFileType = sourcecode.swift; path = YakiView.swift; sourceTree = "<group>"; };
		86FBD17427834B1300C24C96 /* YakiViewViewModel.swift */ = {isa = PBXFileReference; lastKnownFileType = sourcecode.swift; path = YakiViewViewModel.swift; sourceTree = "<group>"; };
		99892E6DAB45A7B613EC893C /* Pods_YakiOSpotUnitTests.framework */ = {isa = PBXFileReference; explicitFileType = wrapper.framework; includeInIndex = 0; path = Pods_YakiOSpotUnitTests.framework; sourceTree = BUILT_PRODUCTS_DIR; };
		CE08A21D6488705B12EBD2B9 /* Pods-YakiOSpotUnitTests.release.xcconfig */ = {isa = PBXFileReference; includeInIndex = 1; lastKnownFileType = text.xcconfig; name = "Pods-YakiOSpotUnitTests.release.xcconfig"; path = "Target Support Files/Pods-YakiOSpotUnitTests/Pods-YakiOSpotUnitTests.release.xcconfig"; sourceTree = "<group>"; };
		ED4BD3C65FDAAF45FC7A3F5E /* Pods-YakiOSpot.debug.xcconfig */ = {isa = PBXFileReference; includeInIndex = 1; lastKnownFileType = text.xcconfig; name = "Pods-YakiOSpot.debug.xcconfig"; path = "Target Support Files/Pods-YakiOSpot/Pods-YakiOSpot.debug.xcconfig"; sourceTree = "<group>"; };
/* End PBXFileReference section */

/* Begin PBXFrameworksBuildPhase section */
		8692FC3F274D74C700C8F7CF /* Frameworks */ = {
			isa = PBXFrameworksBuildPhase;
			buildActionMask = 2147483647;
			files = (
				2772EEC67204D9EBFB56E339 /* Pods_YakiOSpotUnitTests.framework in Frameworks */,
			);
			runOnlyForDeploymentPostprocessing = 0;
		};
		86D68109273D0B31001E7BE6 /* Frameworks */ = {
			isa = PBXFrameworksBuildPhase;
			buildActionMask = 2147483647;
			files = (
				614835F073F3162A3FE83EBB /* Pods_YakiOSpot.framework in Frameworks */,
			);
			runOnlyForDeploymentPostprocessing = 0;
		};
/* End PBXFrameworksBuildPhase section */

/* Begin PBXGroup section */
		442FABC32475C2BEB228CD8A /* Pods */ = {
			isa = PBXGroup;
			children = (
				ED4BD3C65FDAAF45FC7A3F5E /* Pods-YakiOSpot.debug.xcconfig */,
				6F8464A06CF1375F7807B7AD /* Pods-YakiOSpot.release.xcconfig */,
				52ABF5C600F58F0B20973C6C /* Pods-YakiOSpotUnitTests.debug.xcconfig */,
				CE08A21D6488705B12EBD2B9 /* Pods-YakiOSpotUnitTests.release.xcconfig */,
			);
			path = Pods;
			sourceTree = "<group>";
		};
		69AA0A965D1DA4B48AACE5FC /* Frameworks */ = {
			isa = PBXGroup;
			children = (
				6B444877AA95C6A72C1441CF /* Pods_YakiOSpot.framework */,
				99892E6DAB45A7B613EC893C /* Pods_YakiOSpotUnitTests.framework */,
			);
			name = Frameworks;
			sourceTree = "<group>";
		};
		862D8431273D2ADF0081BA83 /* Model */ = {
			isa = PBXGroup;
			children = (
				86C4FFA6276E41A300E04B36 /* Services */,
				86C4FFA7276E41AE00E04B36 /* Objects */,
			);
			path = Model;
			sourceTree = "<group>";
		};
		863507E72763C13900145505 /* To Be Saved */ = {
			isa = PBXGroup;
			children = (
				86E1F8752742872700C983EC /* SpotListView */,
				86E1F87C2742904800C983EC /* SearchView */,
			);
			path = "To Be Saved";
			sourceTree = "<group>";
		};
		86804671274C22A000AAFC83 /* Components */ = {
			isa = PBXGroup;
			children = (
				86804672274C22A900AAFC83 /* Atoms */,
			);
			path = Components;
			sourceTree = "<group>";
		};
		86804672274C22A900AAFC83 /* Atoms */ = {
			isa = PBXGroup;
			children = (
				8680466F274C227500AAFC83 /* FormTextField.swift */,
			);
			path = Atoms;
			sourceTree = "<group>";
		};
		86804673274C22B600AAFC83 /* Screens */ = {
			isa = PBXGroup;
			children = (
				86D68123273D23A5001E7BE6 /* StartingViews */,
				86ADDE092770EEDE0063BE29 /* TabViews */,
				86D68124273D23B4001E7BE6 /* HomeViews */,
				86F81D25274184CD00AB69DB /* SpotCellView.swift */,
				86C4FFAC276E462900E04B36 /* TrackView.swift */,
				86F528EC2775067500CDAA8C /* PersonListView.swift */,
			);
			path = Screens;
			sourceTree = "<group>";
		};
		8682613C27627C9000C3018E /* User */ = {
			isa = PBXGroup;
			children = (
				8682613E27627CB100C3018E /* FakeUserService.swift */,
				86529B5027636C8E00BD44B6 /* FakeUserData.swift */,
				86529B5227636E6C00BD44B6 /* UserServiceTestsCase.swift */,
			);
			path = User;
			sourceTree = "<group>";
		};
		8682613D27627C9D00C3018E /* Spot */ = {
			isa = PBXGroup;
			children = (
			);
			path = Spot;
			sourceTree = "<group>";
		};
		8692FC43274D74C700C8F7CF /* YakiOSpotUnitTests */ = {
			isa = PBXGroup;
			children = (
				8692FC4D274D758200C8F7CF /* Auth */,
				8682613C27627C9000C3018E /* User */,
				8682613D27627C9D00C3018E /* Spot */,
			);
			path = YakiOSpotUnitTests;
			sourceTree = "<group>";
		};
		8692FC4D274D758200C8F7CF /* Auth */ = {
			isa = PBXGroup;
			children = (
				8692FC4B274D757E00C8F7CF /* FakeAuthService.swift */,
				8692FC4E274D759000C8F7CF /* FakeAuthData.swift */,
				8692FC50274D759D00C8F7CF /* AuthServiceTestCase.swift */,
			);
			path = Auth;
			sourceTree = "<group>";
		};
		86ADDDEA276E66C10063BE29 /* UIKit */ = {
			isa = PBXGroup;
			children = (
				86ADDDE8276E66A60063BE29 /* VideoPlayer.swift */,
			);
			path = UIKit;
			sourceTree = "<group>";
		};
		86ADDE072770EE8D0063BE29 /* ViewModel */ = {
			isa = PBXGroup;
			children = (
				86ADDE082770EE9D0063BE29 /* StartingViews */,
				86ADDE0C2770EFB10063BE29 /* TabViews */,
				86ADDE0D2771008F0063BE29 /* AppState.swift */,
				8622BAFE277F0D4D0046680F /* TrackViewViewModel.swift */,
			);
			path = ViewModel;
			sourceTree = "<group>";
		};
		86ADDE082770EE9D0063BE29 /* StartingViews */ = {
			isa = PBXGroup;
			children = (
				86F81D1C2741741100AB69DB /* ConnexionViewViewModel.swift */,
				86F81D1F2741772200AB69DB /* RegistrationViewViewModel.swift */,
			);
			path = StartingViews;
			sourceTree = "<group>";
		};
		86ADDE092770EEDE0063BE29 /* TabViews */ = {
			isa = PBXGroup;
			children = (
				860598CB2763AEC7000ACB3B /* HomeTabView.swift */,
				863507E82763C14F00145505 /* InfoView.swift */,
				863507EA2763C17F00145505 /* FeedView.swift */,
				86FBD17227833B6A00C24C96 /* YakiView.swift */,
			);
			path = TabViews;
			sourceTree = "<group>";
		};
		86ADDE0C2770EFB10063BE29 /* TabViews */ = {
			isa = PBXGroup;
			children = (
				86ADDE0A2770EFAB0063BE29 /* HomeTabViewViewModel.swift */,
				86FBD17427834B1300C24C96 /* YakiViewViewModel.swift */,
			);
			path = TabViews;
			sourceTree = "<group>";
		};
		86BB95C7273EF6250029C39A /* Utils */ = {
			isa = PBXGroup;
			children = (
				86BB95C8273EF62E0029C39A /* Enums */,
				86BB95C9273EF6630029C39A /* Helper.swift */,
				8692FC52274D7ADE00C8F7CF /* String+Ext.swift */,
				86C040C62775E1DD00955CB4 /* PushNotificationSender.swift */,
			);
			path = Utils;
			sourceTree = "<group>";
		};
		86BB95C8273EF62E0029C39A /* Enums */ = {
			isa = PBXGroup;
			children = (
				86BB95C5273EF6190029C39A /* AuthErrors.swift */,
				86BB95CF273F043F0029C39A /* UserDefaultsKeys.swift */,
				86D989482763C60F009908D8 /* SampleText.swift */,
				86C4FFAE276E472000E04B36 /* Assets.swift */,
				8674BE3F27832F4B00FD31D7 /* SecureKeys.swift */,
			);
			path = Enums;
			sourceTree = "<group>";
		};
		86C4FFA6276E41A300E04B36 /* Services */ = {
			isa = PBXGroup;
			children = (
				862D8432273D2AE60081BA83 /* API.swift */,
				86F3667D273D2845009CBDC9 /* AuthService.swift */,
				86BB95CB273EF8820029C39A /* UserService.swift */,
				86E1F87A27428B4A00C983EC /* SpotService.swift */,
				86C040C82775E3A500955CB4 /* FCMTokenService.swift */,
				8674BE3B27822A8800FD31D7 /* StorageService.swift */,
			);
			path = Services;
			sourceTree = "<group>";
		};
		86C4FFA7276E41AE00E04B36 /* Objects */ = {
			isa = PBXGroup;
			children = (
				86BB95CD273EF8B90029C39A /* User.swift */,
				86F81D232741800400AB69DB /* Spot.swift */,
				86D9894A2763C78B009908D8 /* Track.swift */,
			);
			path = Objects;
			sourceTree = "<group>";
		};
		86D68103273D0B31001E7BE6 = {
			isa = PBXGroup;
			children = (
				86D6810E273D0B31001E7BE6 /* YakiOSpot */,
				8692FC43274D74C700C8F7CF /* YakiOSpotUnitTests */,
				86D6810D273D0B31001E7BE6 /* Products */,
				442FABC32475C2BEB228CD8A /* Pods */,
				69AA0A965D1DA4B48AACE5FC /* Frameworks */,
			);
			sourceTree = "<group>";
		};
		86D6810D273D0B31001E7BE6 /* Products */ = {
			isa = PBXGroup;
			children = (
				86D6810C273D0B31001E7BE6 /* YakiOSpot.app */,
				8692FC42274D74C700C8F7CF /* YakiOSpotUnitTests.xctest */,
			);
			name = Products;
			sourceTree = "<group>";
		};
		86D6810E273D0B31001E7BE6 /* YakiOSpot */ = {
			isa = PBXGroup;
			children = (
				862D8431273D2ADF0081BA83 /* Model */,
				86D68125273D23C4001E7BE6 /* View */,
				86ADDE072770EE8D0063BE29 /* ViewModel */,
				86D68126273D23CC001E7BE6 /* Support */,
				86BB95C7273EF6250029C39A /* Utils */,
				86266F3E2775DA3D002900EF /* YakiOSpot.entitlements */,
				862D8434273D2BC30081BA83 /* GoogleService-Info.plist */,
				86D9894C2763D7B8009908D8 /* Info.plist */,
			);
			path = YakiOSpot;
			sourceTree = "<group>";
		};
		86D68115273D0B32001E7BE6 /* Preview Content */ = {
			isa = PBXGroup;
			children = (
				86D68116273D0B32001E7BE6 /* Preview Assets.xcassets */,
			);
			path = "Preview Content";
			sourceTree = "<group>";
		};
		86D68123273D23A5001E7BE6 /* StartingViews */ = {
			isa = PBXGroup;
			children = (
				86D68111273D0B31001E7BE6 /* StartingView.swift */,
				86D6811D273D0C5A001E7BE6 /* ConnexionView.swift */,
				86D6811F273D11B5001E7BE6 /* RegistrationView.swift */,
			);
			path = StartingViews;
			sourceTree = "<group>";
		};
		86D68124273D23B4001E7BE6 /* HomeViews */ = {
			isa = PBXGroup;
			children = (
				86E1F87F2742914700C983EC /* SpotView.swift */,
				869E351027430602007CF366 /* ProfileView.swift */,
				863507E72763C13900145505 /* To Be Saved */,
			);
			path = HomeViews;
			sourceTree = "<group>";
		};
		86D68125273D23C4001E7BE6 /* View */ = {
			isa = PBXGroup;
			children = (
				86ADDDEA276E66C10063BE29 /* UIKit */,
				86804671274C22A000AAFC83 /* Components */,
				86804673274C22B600AAFC83 /* Screens */,
			);
			path = View;
			sourceTree = "<group>";
		};
		86D68126273D23CC001E7BE6 /* Support */ = {
			isa = PBXGroup;
			children = (
				86D6810F273D0B31001E7BE6 /* YakiOSpotApp.swift */,
				86D68113273D0B32001E7BE6 /* Assets.xcassets */,
				86D68115273D0B32001E7BE6 /* Preview Content */,
				86C4FFA8276E41CE00E04B36 /* AppDelegate.swift */,
			);
			path = Support;
			sourceTree = "<group>";
		};
		86E1F8752742872700C983EC /* SpotListView */ = {
			isa = PBXGroup;
			children = (
				86D68121273D2229001E7BE6 /* SpotListView.swift */,
				86E1F8762742873400C983EC /* SpotListViewViewModel.swift */,
			);
			path = SpotListView;
			sourceTree = "<group>";
		};
		86E1F87C2742904800C983EC /* SearchView */ = {
			isa = PBXGroup;
			children = (
				86E1F8782742897600C983EC /* SearchView.swift */,
				86E1F87D2742905500C983EC /* SearchViewModel.swift */,
			);
			path = SearchView;
			sourceTree = "<group>";
		};
/* End PBXGroup section */

/* Begin PBXNativeTarget section */
		8692FC41274D74C700C8F7CF /* YakiOSpotUnitTests */ = {
			isa = PBXNativeTarget;
			buildConfigurationList = 8692FC48274D74C700C8F7CF /* Build configuration list for PBXNativeTarget "YakiOSpotUnitTests" */;
			buildPhases = (
				836C24D1FACD86FADB48C8BA /* [CP] Check Pods Manifest.lock */,
				8692FC3E274D74C700C8F7CF /* Sources */,
				8692FC3F274D74C700C8F7CF /* Frameworks */,
				8692FC40274D74C700C8F7CF /* Resources */,
			);
			buildRules = (
			);
			dependencies = (
				8692FC47274D74C700C8F7CF /* PBXTargetDependency */,
			);
			name = YakiOSpotUnitTests;
			productName = YakiOSpotUnitTests;
			productReference = 8692FC42274D74C700C8F7CF /* YakiOSpotUnitTests.xctest */;
			productType = "com.apple.product-type.bundle.unit-test";
		};
		86D6810B273D0B31001E7BE6 /* YakiOSpot */ = {
			isa = PBXNativeTarget;
			buildConfigurationList = 86D6811A273D0B32001E7BE6 /* Build configuration list for PBXNativeTarget "YakiOSpot" */;
			buildPhases = (
				A69BE482D4FC6AE6963FC069 /* [CP] Check Pods Manifest.lock */,
				86D68108273D0B31001E7BE6 /* Sources */,
				86D68109273D0B31001E7BE6 /* Frameworks */,
				86D6810A273D0B31001E7BE6 /* Resources */,
				DFF6F59DBB0C3BB1C823344F /* [CP] Embed Pods Frameworks */,
			);
			buildRules = (
			);
			dependencies = (
			);
			name = YakiOSpot;
			productName = YakiOSpot;
			productReference = 86D6810C273D0B31001E7BE6 /* YakiOSpot.app */;
			productType = "com.apple.product-type.application";
		};
/* End PBXNativeTarget section */

/* Begin PBXProject section */
		86D68104273D0B31001E7BE6 /* Project object */ = {
			isa = PBXProject;
			attributes = {
				BuildIndependentTargetsInParallel = 1;
				LastSwiftUpdateCheck = 1310;
				LastUpgradeCheck = 1310;
				TargetAttributes = {
					8692FC41274D74C700C8F7CF = {
						CreatedOnToolsVersion = 13.1;
						TestTargetID = 86D6810B273D0B31001E7BE6;
					};
					86D6810B273D0B31001E7BE6 = {
						CreatedOnToolsVersion = 13.1;
					};
				};
			};
			buildConfigurationList = 86D68107273D0B31001E7BE6 /* Build configuration list for PBXProject "YakiOSpot" */;
			compatibilityVersion = "Xcode 13.0";
			developmentRegion = en;
			hasScannedForEncodings = 0;
			knownRegions = (
				en,
				Base,
			);
			mainGroup = 86D68103273D0B31001E7BE6;
			productRefGroup = 86D6810D273D0B31001E7BE6 /* Products */;
			projectDirPath = "";
			projectRoot = "";
			targets = (
				86D6810B273D0B31001E7BE6 /* YakiOSpot */,
				8692FC41274D74C700C8F7CF /* YakiOSpotUnitTests */,
			);
		};
/* End PBXProject section */

/* Begin PBXResourcesBuildPhase section */
		8692FC40274D74C700C8F7CF /* Resources */ = {
			isa = PBXResourcesBuildPhase;
			buildActionMask = 2147483647;
			files = (
			);
			runOnlyForDeploymentPostprocessing = 0;
		};
		86D6810A273D0B31001E7BE6 /* Resources */ = {
			isa = PBXResourcesBuildPhase;
			buildActionMask = 2147483647;
			files = (
				86D68117273D0B32001E7BE6 /* Preview Assets.xcassets in Resources */,
				86D68114273D0B32001E7BE6 /* Assets.xcassets in Resources */,
				862D8435273D2BC30081BA83 /* GoogleService-Info.plist in Resources */,
			);
			runOnlyForDeploymentPostprocessing = 0;
		};
/* End PBXResourcesBuildPhase section */

/* Begin PBXShellScriptBuildPhase section */
		836C24D1FACD86FADB48C8BA /* [CP] Check Pods Manifest.lock */ = {
			isa = PBXShellScriptBuildPhase;
			buildActionMask = 2147483647;
			files = (
			);
			inputFileListPaths = (
			);
			inputPaths = (
				"${PODS_PODFILE_DIR_PATH}/Podfile.lock",
				"${PODS_ROOT}/Manifest.lock",
			);
			name = "[CP] Check Pods Manifest.lock";
			outputFileListPaths = (
			);
			outputPaths = (
				"$(DERIVED_FILE_DIR)/Pods-YakiOSpotUnitTests-checkManifestLockResult.txt",
			);
			runOnlyForDeploymentPostprocessing = 0;
			shellPath = /bin/sh;
			shellScript = "diff \"${PODS_PODFILE_DIR_PATH}/Podfile.lock\" \"${PODS_ROOT}/Manifest.lock\" > /dev/null\nif [ $? != 0 ] ; then\n    # print error to STDERR\n    echo \"error: The sandbox is not in sync with the Podfile.lock. Run 'pod install' or update your CocoaPods installation.\" >&2\n    exit 1\nfi\n# This output is used by Xcode 'outputs' to avoid re-running this script phase.\necho \"SUCCESS\" > \"${SCRIPT_OUTPUT_FILE_0}\"\n";
			showEnvVarsInLog = 0;
		};
		A69BE482D4FC6AE6963FC069 /* [CP] Check Pods Manifest.lock */ = {
			isa = PBXShellScriptBuildPhase;
			buildActionMask = 2147483647;
			files = (
			);
			inputFileListPaths = (
			);
			inputPaths = (
				"${PODS_PODFILE_DIR_PATH}/Podfile.lock",
				"${PODS_ROOT}/Manifest.lock",
			);
			name = "[CP] Check Pods Manifest.lock";
			outputFileListPaths = (
			);
			outputPaths = (
				"$(DERIVED_FILE_DIR)/Pods-YakiOSpot-checkManifestLockResult.txt",
			);
			runOnlyForDeploymentPostprocessing = 0;
			shellPath = /bin/sh;
			shellScript = "diff \"${PODS_PODFILE_DIR_PATH}/Podfile.lock\" \"${PODS_ROOT}/Manifest.lock\" > /dev/null\nif [ $? != 0 ] ; then\n    # print error to STDERR\n    echo \"error: The sandbox is not in sync with the Podfile.lock. Run 'pod install' or update your CocoaPods installation.\" >&2\n    exit 1\nfi\n# This output is used by Xcode 'outputs' to avoid re-running this script phase.\necho \"SUCCESS\" > \"${SCRIPT_OUTPUT_FILE_0}\"\n";
			showEnvVarsInLog = 0;
		};
		DFF6F59DBB0C3BB1C823344F /* [CP] Embed Pods Frameworks */ = {
			isa = PBXShellScriptBuildPhase;
			buildActionMask = 2147483647;
			files = (
			);
			inputFileListPaths = (
				"${PODS_ROOT}/Target Support Files/Pods-YakiOSpot/Pods-YakiOSpot-frameworks-${CONFIGURATION}-input-files.xcfilelist",
			);
			name = "[CP] Embed Pods Frameworks";
			outputFileListPaths = (
				"${PODS_ROOT}/Target Support Files/Pods-YakiOSpot/Pods-YakiOSpot-frameworks-${CONFIGURATION}-output-files.xcfilelist",
			);
			runOnlyForDeploymentPostprocessing = 0;
			shellPath = /bin/sh;
			shellScript = "\"${PODS_ROOT}/Target Support Files/Pods-YakiOSpot/Pods-YakiOSpot-frameworks.sh\"\n";
			showEnvVarsInLog = 0;
		};
/* End PBXShellScriptBuildPhase section */

/* Begin PBXSourcesBuildPhase section */
		8692FC3E274D74C700C8F7CF /* Sources */ = {
			isa = PBXSourcesBuildPhase;
			buildActionMask = 2147483647;
			files = (
				86529B5127636C8E00BD44B6 /* FakeUserData.swift in Sources */,
				8692FC51274D759D00C8F7CF /* AuthServiceTestCase.swift in Sources */,
				8692FC4F274D759000C8F7CF /* FakeAuthData.swift in Sources */,
				8692FC4C274D757E00C8F7CF /* FakeAuthService.swift in Sources */,
				86529B5327636E6C00BD44B6 /* UserServiceTestsCase.swift in Sources */,
				8682613F27627CB100C3018E /* FakeUserService.swift in Sources */,
			);
			runOnlyForDeploymentPostprocessing = 0;
		};
		86D68108273D0B31001E7BE6 /* Sources */ = {
			isa = PBXSourcesBuildPhase;
			buildActionMask = 2147483647;
			files = (
				863507EB2763C17F00145505 /* FeedView.swift in Sources */,
				86F81D1D2741741100AB69DB /* ConnexionViewViewModel.swift in Sources */,
				86D68112273D0B31001E7BE6 /* StartingView.swift in Sources */,
				86D68110273D0B31001E7BE6 /* YakiOSpotApp.swift in Sources */,
				86BB95C6273EF6190029C39A /* AuthErrors.swift in Sources */,
				86F528ED2775067600CDAA8C /* PersonListView.swift in Sources */,
				8674BE4027832F4B00FD31D7 /* SecureKeys.swift in Sources */,
				86D68122273D2229001E7BE6 /* SpotListView.swift in Sources */,
				86BB95D0273F043F0029C39A /* UserDefaultsKeys.swift in Sources */,
				86E1F87E2742905500C983EC /* SearchViewModel.swift in Sources */,
				863507E92763C14F00145505 /* InfoView.swift in Sources */,
				86F81D202741772200AB69DB /* RegistrationViewViewModel.swift in Sources */,
				86ADDE0B2770EFAB0063BE29 /* HomeTabViewViewModel.swift in Sources */,
				86F81D242741800400AB69DB /* Spot.swift in Sources */,
				86D9894B2763C78B009908D8 /* Track.swift in Sources */,
				86F3667E273D2845009CBDC9 /* AuthService.swift in Sources */,
				86BB95CA273EF6630029C39A /* Helper.swift in Sources */,
				86E1F8802742914700C983EC /* SpotView.swift in Sources */,
				86ADDE0E2771008F0063BE29 /* AppState.swift in Sources */,
				86C040C72775E1DD00955CB4 /* PushNotificationSender.swift in Sources */,
				86E1F8792742897600C983EC /* SearchView.swift in Sources */,
				86C040C92775E3A500955CB4 /* FCMTokenService.swift in Sources */,
				86F81D26274184CD00AB69DB /* SpotCellView.swift in Sources */,
				86D6811E273D0C5A001E7BE6 /* ConnexionView.swift in Sources */,
				860598CC2763AEC7000ACB3B /* HomeTabView.swift in Sources */,
				86D68120273D11B5001E7BE6 /* RegistrationView.swift in Sources */,
				86ADDDE9276E66A60063BE29 /* VideoPlayer.swift in Sources */,
				86E1F8772742873400C983EC /* SpotListViewViewModel.swift in Sources */,
				8674BE3C27822A8800FD31D7 /* StorageService.swift in Sources */,
				86FBD17527834B1300C24C96 /* YakiViewViewModel.swift in Sources */,
				869E351127430602007CF366 /* ProfileView.swift in Sources */,
				86C4FFA9276E41CE00E04B36 /* AppDelegate.swift in Sources */,
				86C4FFAF276E472000E04B36 /* Assets.swift in Sources */,
				8622BAFF277F0D4D0046680F /* TrackViewViewModel.swift in Sources */,
				86D989492763C60F009908D8 /* SampleText.swift in Sources */,
				8692FC53274D7ADE00C8F7CF /* String+Ext.swift in Sources */,
				86BB95CC273EF8820029C39A /* UserService.swift in Sources */,
				86FBD17327833B6A00C24C96 /* YakiView.swift in Sources */,
				86C4FFAD276E462900E04B36 /* TrackView.swift in Sources */,
				86804670274C227500AAFC83 /* FormTextField.swift in Sources */,
				862D8433273D2AE60081BA83 /* API.swift in Sources */,
				86E1F87B27428B4A00C983EC /* SpotService.swift in Sources */,
				86BB95CE273EF8B90029C39A /* User.swift in Sources */,
			);
			runOnlyForDeploymentPostprocessing = 0;
		};
/* End PBXSourcesBuildPhase section */

/* Begin PBXTargetDependency section */
		8692FC47274D74C700C8F7CF /* PBXTargetDependency */ = {
			isa = PBXTargetDependency;
			target = 86D6810B273D0B31001E7BE6 /* YakiOSpot */;
			targetProxy = 8692FC46274D74C700C8F7CF /* PBXContainerItemProxy */;
		};
/* End PBXTargetDependency section */

/* Begin XCBuildConfiguration section */
		8692FC49274D74C700C8F7CF /* Debug */ = {
			isa = XCBuildConfiguration;
			baseConfigurationReference = 52ABF5C600F58F0B20973C6C /* Pods-YakiOSpotUnitTests.debug.xcconfig */;
			buildSettings = {
				BUNDLE_LOADER = "$(TEST_HOST)";
				CODE_SIGN_STYLE = Automatic;
				CURRENT_PROJECT_VERSION = 1;
				DEVELOPMENT_TEAM = N96T5K2D2H;
				GENERATE_INFOPLIST_FILE = YES;
				HEADER_SEARCH_PATHS = (
					HEADER_SEARCH_PATHS,
					"=",
					"\"${SRCROOT}/Pods/Firebase/CoreOnly/Sources\"",
				);
				LD_RUNPATH_SEARCH_PATHS = (
					"$(inherited)",
					"@executable_path/Frameworks",
					"@loader_path/Frameworks",
				);
				MARKETING_VERSION = 1.0;
				ONLY_ACTIVE_ARCH = NO;
				PRODUCT_BUNDLE_IDENTIFIER = oriapy.YakiOSpotUnitTests;
				PRODUCT_NAME = "$(TARGET_NAME)";
				SWIFT_EMIT_LOC_STRINGS = NO;
				SWIFT_VERSION = 5.0;
				TARGETED_DEVICE_FAMILY = "1,2";
				TEST_HOST = "$(BUILT_PRODUCTS_DIR)/YakiOSpot.app/YakiOSpot";
			};
			name = Debug;
		};
		8692FC4A274D74C700C8F7CF /* Release */ = {
			isa = XCBuildConfiguration;
			baseConfigurationReference = CE08A21D6488705B12EBD2B9 /* Pods-YakiOSpotUnitTests.release.xcconfig */;
			buildSettings = {
				BUNDLE_LOADER = "$(TEST_HOST)";
				CODE_SIGN_STYLE = Automatic;
				CURRENT_PROJECT_VERSION = 1;
				DEVELOPMENT_TEAM = N96T5K2D2H;
				GENERATE_INFOPLIST_FILE = YES;
				HEADER_SEARCH_PATHS = (
					HEADER_SEARCH_PATHS,
					"=",
					"\"${SRCROOT}/Pods/Firebase/CoreOnly/Sources\"",
				);
				LD_RUNPATH_SEARCH_PATHS = (
					"$(inherited)",
					"@executable_path/Frameworks",
					"@loader_path/Frameworks",
				);
				MARKETING_VERSION = 1.0;
				ONLY_ACTIVE_ARCH = NO;
				PRODUCT_BUNDLE_IDENTIFIER = oriapy.YakiOSpotUnitTests;
				PRODUCT_NAME = "$(TARGET_NAME)";
				SWIFT_EMIT_LOC_STRINGS = NO;
				SWIFT_VERSION = 5.0;
				TARGETED_DEVICE_FAMILY = "1,2";
				TEST_HOST = "$(BUILT_PRODUCTS_DIR)/YakiOSpot.app/YakiOSpot";
			};
			name = Release;
		};
		86D68118273D0B32001E7BE6 /* Debug */ = {
			isa = XCBuildConfiguration;
			buildSettings = {
				ALWAYS_SEARCH_USER_PATHS = NO;
				CLANG_ANALYZER_NONNULL = YES;
				CLANG_ANALYZER_NUMBER_OBJECT_CONVERSION = YES_AGGRESSIVE;
				CLANG_CXX_LANGUAGE_STANDARD = "gnu++17";
				CLANG_CXX_LIBRARY = "libc++";
				CLANG_ENABLE_MODULES = YES;
				CLANG_ENABLE_OBJC_ARC = YES;
				CLANG_ENABLE_OBJC_WEAK = YES;
				CLANG_WARN_BLOCK_CAPTURE_AUTORELEASING = YES;
				CLANG_WARN_BOOL_CONVERSION = YES;
				CLANG_WARN_COMMA = YES;
				CLANG_WARN_CONSTANT_CONVERSION = YES;
				CLANG_WARN_DEPRECATED_OBJC_IMPLEMENTATIONS = YES;
				CLANG_WARN_DIRECT_OBJC_ISA_USAGE = YES_ERROR;
				CLANG_WARN_DOCUMENTATION_COMMENTS = YES;
				CLANG_WARN_EMPTY_BODY = YES;
				CLANG_WARN_ENUM_CONVERSION = YES;
				CLANG_WARN_INFINITE_RECURSION = YES;
				CLANG_WARN_INT_CONVERSION = YES;
				CLANG_WARN_NON_LITERAL_NULL_CONVERSION = YES;
				CLANG_WARN_OBJC_IMPLICIT_RETAIN_SELF = YES;
				CLANG_WARN_OBJC_LITERAL_CONVERSION = YES;
				CLANG_WARN_OBJC_ROOT_CLASS = YES_ERROR;
				CLANG_WARN_QUOTED_INCLUDE_IN_FRAMEWORK_HEADER = YES;
				CLANG_WARN_RANGE_LOOP_ANALYSIS = YES;
				CLANG_WARN_STRICT_PROTOTYPES = YES;
				CLANG_WARN_SUSPICIOUS_MOVE = YES;
				CLANG_WARN_UNGUARDED_AVAILABILITY = YES_AGGRESSIVE;
				CLANG_WARN_UNREACHABLE_CODE = YES;
				CLANG_WARN__DUPLICATE_METHOD_MATCH = YES;
				COPY_PHASE_STRIP = NO;
				DEBUG_INFORMATION_FORMAT = dwarf;
				ENABLE_STRICT_OBJC_MSGSEND = YES;
				ENABLE_TESTABILITY = YES;
				EXCLUDED_ARCHS = "";
				"EXCLUDED_ARCHS[sdk=iphonesimulator*]" = arm64;
				GCC_C_LANGUAGE_STANDARD = gnu11;
				GCC_DYNAMIC_NO_PIC = NO;
				GCC_NO_COMMON_BLOCKS = YES;
				GCC_OPTIMIZATION_LEVEL = 0;
				GCC_PREPROCESSOR_DEFINITIONS = (
					"DEBUG=1",
					"$(inherited)",
				);
				GCC_WARN_64_TO_32_BIT_CONVERSION = YES;
				GCC_WARN_ABOUT_RETURN_TYPE = YES_ERROR;
				GCC_WARN_UNDECLARED_SELECTOR = YES;
				GCC_WARN_UNINITIALIZED_AUTOS = YES_AGGRESSIVE;
				GCC_WARN_UNUSED_FUNCTION = YES;
				GCC_WARN_UNUSED_VARIABLE = YES;
				IPHONEOS_DEPLOYMENT_TARGET = 15.0;
				MTL_ENABLE_DEBUG_INFO = INCLUDE_SOURCE;
				MTL_FAST_MATH = YES;
				ONLY_ACTIVE_ARCH = YES;
				SDKROOT = iphoneos;
				SWIFT_ACTIVE_COMPILATION_CONDITIONS = DEBUG;
				SWIFT_OPTIMIZATION_LEVEL = "-Onone";
			};
			name = Debug;
		};
		86D68119273D0B32001E7BE6 /* Release */ = {
			isa = XCBuildConfiguration;
			buildSettings = {
				ALWAYS_SEARCH_USER_PATHS = NO;
				CLANG_ANALYZER_NONNULL = YES;
				CLANG_ANALYZER_NUMBER_OBJECT_CONVERSION = YES_AGGRESSIVE;
				CLANG_CXX_LANGUAGE_STANDARD = "gnu++17";
				CLANG_CXX_LIBRARY = "libc++";
				CLANG_ENABLE_MODULES = YES;
				CLANG_ENABLE_OBJC_ARC = YES;
				CLANG_ENABLE_OBJC_WEAK = YES;
				CLANG_WARN_BLOCK_CAPTURE_AUTORELEASING = YES;
				CLANG_WARN_BOOL_CONVERSION = YES;
				CLANG_WARN_COMMA = YES;
				CLANG_WARN_CONSTANT_CONVERSION = YES;
				CLANG_WARN_DEPRECATED_OBJC_IMPLEMENTATIONS = YES;
				CLANG_WARN_DIRECT_OBJC_ISA_USAGE = YES_ERROR;
				CLANG_WARN_DOCUMENTATION_COMMENTS = YES;
				CLANG_WARN_EMPTY_BODY = YES;
				CLANG_WARN_ENUM_CONVERSION = YES;
				CLANG_WARN_INFINITE_RECURSION = YES;
				CLANG_WARN_INT_CONVERSION = YES;
				CLANG_WARN_NON_LITERAL_NULL_CONVERSION = YES;
				CLANG_WARN_OBJC_IMPLICIT_RETAIN_SELF = YES;
				CLANG_WARN_OBJC_LITERAL_CONVERSION = YES;
				CLANG_WARN_OBJC_ROOT_CLASS = YES_ERROR;
				CLANG_WARN_QUOTED_INCLUDE_IN_FRAMEWORK_HEADER = YES;
				CLANG_WARN_RANGE_LOOP_ANALYSIS = YES;
				CLANG_WARN_STRICT_PROTOTYPES = YES;
				CLANG_WARN_SUSPICIOUS_MOVE = YES;
				CLANG_WARN_UNGUARDED_AVAILABILITY = YES_AGGRESSIVE;
				CLANG_WARN_UNREACHABLE_CODE = YES;
				CLANG_WARN__DUPLICATE_METHOD_MATCH = YES;
				COPY_PHASE_STRIP = NO;
				DEBUG_INFORMATION_FORMAT = "dwarf-with-dsym";
				ENABLE_NS_ASSERTIONS = NO;
				ENABLE_STRICT_OBJC_MSGSEND = YES;
				EXCLUDED_ARCHS = "";
				GCC_C_LANGUAGE_STANDARD = gnu11;
				GCC_NO_COMMON_BLOCKS = YES;
				GCC_WARN_64_TO_32_BIT_CONVERSION = YES;
				GCC_WARN_ABOUT_RETURN_TYPE = YES_ERROR;
				GCC_WARN_UNDECLARED_SELECTOR = YES;
				GCC_WARN_UNINITIALIZED_AUTOS = YES_AGGRESSIVE;
				GCC_WARN_UNUSED_FUNCTION = YES;
				GCC_WARN_UNUSED_VARIABLE = YES;
				IPHONEOS_DEPLOYMENT_TARGET = 15.0;
				MTL_ENABLE_DEBUG_INFO = NO;
				MTL_FAST_MATH = YES;
				ONLY_ACTIVE_ARCH = YES;
				SDKROOT = iphoneos;
				SWIFT_COMPILATION_MODE = wholemodule;
				SWIFT_OPTIMIZATION_LEVEL = "-O";
				VALIDATE_PRODUCT = YES;
			};
			name = Release;
		};
		86D6811B273D0B32001E7BE6 /* Debug */ = {
			isa = XCBuildConfiguration;
			baseConfigurationReference = ED4BD3C65FDAAF45FC7A3F5E /* Pods-YakiOSpot.debug.xcconfig */;
			buildSettings = {
				ASSETCATALOG_COMPILER_APPICON_NAME = AppIcon;
				ASSETCATALOG_COMPILER_GLOBAL_ACCENT_COLOR_NAME = AccentColor;
				CODE_SIGN_ENTITLEMENTS = YakiOSpot/YakiOSpot.entitlements;
				CODE_SIGN_STYLE = Automatic;
				CURRENT_PROJECT_VERSION = 1;
				DEVELOPMENT_TEAM = N96T5K2D2H;
				ENABLE_PREVIEWS = YES;
				GENERATE_INFOPLIST_FILE = NO;
				INFOPLIST_FILE = "/Users/raphaelpayet/Documents/Code/YakiOSpot - Project/YakiOSpot/YakiOSpot/Info.plist";
				INFOPLIST_KEY_UIApplicationSceneManifest_Generation = YES;
				INFOPLIST_KEY_UIApplicationSupportsIndirectInputEvents = YES;
				INFOPLIST_KEY_UILaunchScreen_Generation = YES;
				INFOPLIST_KEY_UISupportedInterfaceOrientations = UIInterfaceOrientationPortrait;
				INFOPLIST_KEY_UISupportedInterfaceOrientations_iPad = "UIInterfaceOrientationPortrait UIInterfaceOrientationPortraitUpsideDown UIInterfaceOrientationLandscapeLeft UIInterfaceOrientationLandscapeRight";
				INFOPLIST_KEY_UISupportedInterfaceOrientations_iPhone = "UIInterfaceOrientationPortrait UIInterfaceOrientationLandscapeLeft UIInterfaceOrientationLandscapeRight";
				LD_RUNPATH_SEARCH_PATHS = (
					"$(inherited)",
					"@executable_path/Frameworks",
				);
				MARKETING_VERSION = 1.0;
				ONLY_ACTIVE_ARCH = NO;
				PRODUCT_BUNDLE_IDENTIFIER = oriapy.YakiOSpot;
				PRODUCT_NAME = "$(TARGET_NAME)";
				SWIFT_EMIT_LOC_STRINGS = YES;
				SWIFT_VERSION = 5.0;
				TARGETED_DEVICE_FAMILY = 1;
			};
			name = Debug;
		};
		86D6811C273D0B32001E7BE6 /* Release */ = {
			isa = XCBuildConfiguration;
			baseConfigurationReference = 6F8464A06CF1375F7807B7AD /* Pods-YakiOSpot.release.xcconfig */;
			buildSettings = {
				ASSETCATALOG_COMPILER_APPICON_NAME = AppIcon;
				ASSETCATALOG_COMPILER_GLOBAL_ACCENT_COLOR_NAME = AccentColor;
				CODE_SIGN_ENTITLEMENTS = YakiOSpot/YakiOSpot.entitlements;
				CODE_SIGN_STYLE = Automatic;
				CURRENT_PROJECT_VERSION = 1;
				DEVELOPMENT_TEAM = N96T5K2D2H;
				ENABLE_PREVIEWS = YES;
				GENERATE_INFOPLIST_FILE = NO;
				INFOPLIST_FILE = "/Users/raphaelpayet/Documents/Code/YakiOSpot - Project/YakiOSpot/YakiOSpot/Info.plist";
				INFOPLIST_KEY_UIApplicationSceneManifest_Generation = YES;
				INFOPLIST_KEY_UIApplicationSupportsIndirectInputEvents = YES;
				INFOPLIST_KEY_UILaunchScreen_Generation = YES;
				INFOPLIST_KEY_UISupportedInterfaceOrientations = UIInterfaceOrientationPortrait;
				INFOPLIST_KEY_UISupportedInterfaceOrientations_iPad = "UIInterfaceOrientationPortrait UIInterfaceOrientationPortraitUpsideDown UIInterfaceOrientationLandscapeLeft UIInterfaceOrientationLandscapeRight";
				INFOPLIST_KEY_UISupportedInterfaceOrientations_iPhone = "UIInterfaceOrientationPortrait UIInterfaceOrientationLandscapeLeft UIInterfaceOrientationLandscapeRight";
				LD_RUNPATH_SEARCH_PATHS = (
					"$(inherited)",
					"@executable_path/Frameworks",
				);
				MARKETING_VERSION = 1.0;
				PRODUCT_BUNDLE_IDENTIFIER = oriapy.YakiOSpot;
				PRODUCT_NAME = "$(TARGET_NAME)";
				SWIFT_EMIT_LOC_STRINGS = YES;
				SWIFT_VERSION = 5.0;
				TARGETED_DEVICE_FAMILY = 1;
			};
			name = Release;
		};
/* End XCBuildConfiguration section */

/* Begin XCConfigurationList section */
		8692FC48274D74C700C8F7CF /* Build configuration list for PBXNativeTarget "YakiOSpotUnitTests" */ = {
			isa = XCConfigurationList;
			buildConfigurations = (
				8692FC49274D74C700C8F7CF /* Debug */,
				8692FC4A274D74C700C8F7CF /* Release */,
			);
			defaultConfigurationIsVisible = 0;
			defaultConfigurationName = Release;
		};
		86D68107273D0B31001E7BE6 /* Build configuration list for PBXProject "YakiOSpot" */ = {
			isa = XCConfigurationList;
			buildConfigurations = (
				86D68118273D0B32001E7BE6 /* Debug */,
				86D68119273D0B32001E7BE6 /* Release */,
			);
			defaultConfigurationIsVisible = 0;
			defaultConfigurationName = Release;
		};
		86D6811A273D0B32001E7BE6 /* Build configuration list for PBXNativeTarget "YakiOSpot" */ = {
			isa = XCConfigurationList;
			buildConfigurations = (
				86D6811B273D0B32001E7BE6 /* Debug */,
				86D6811C273D0B32001E7BE6 /* Release */,
			);
			defaultConfigurationIsVisible = 0;
			defaultConfigurationName = Release;
		};
/* End XCConfigurationList section */
	};
	rootObject = 86D68104273D0B31001E7BE6 /* Project object */;
}
